// !$*UTF8*$!
{
	archiveVersion = 1;
	classes = {
	};
	objectVersion = 46;
	objects = {

/* Begin PBXBuildFile section */
		C70F3A661CA8631800AC2E55 /* AppDetailController.swift in Sources */ = {isa = PBXBuildFile; fileRef = C70F3A651CA8631800AC2E55 /* AppDetailController.swift */; };
		C70F3A681CA9D39C00AC2E55 /* ScreenshotsCell.swift in Sources */ = {isa = PBXBuildFile; fileRef = C70F3A671CA9D39C00AC2E55 /* ScreenshotsCell.swift */; };
		C76B41D81C9A99B60049214B /* AppDelegate.swift in Sources */ = {isa = PBXBuildFile; fileRef = C76B41D71C9A99B60049214B /* AppDelegate.swift */; };
		C76B41DA1C9A99B60049214B /* FeaturedAppsController.swift in Sources */ = {isa = PBXBuildFile; fileRef = C76B41D91C9A99B60049214B /* FeaturedAppsController.swift */; };
		C76B41DD1C9A99B60049214B /* Main.storyboard in Resources */ = {isa = PBXBuildFile; fileRef = C76B41DB1C9A99B60049214B /* Main.storyboard */; };
		C76B41DF1C9A99B60049214B /* Assets.xcassets in Resources */ = {isa = PBXBuildFile; fileRef = C76B41DE1C9A99B60049214B /* Assets.xcassets */; };
		C76B41E21C9A99B60049214B /* LaunchScreen.storyboard in Resources */ = {isa = PBXBuildFile; fileRef = C76B41E01C9A99B60049214B /* LaunchScreen.storyboard */; };
		C76B41EA1C9A9BC70049214B /* CategoryCell.swift in Sources */ = {isa = PBXBuildFile; fileRef = C76B41E91C9A9BC70049214B /* CategoryCell.swift */; };
		C76B42C21C9FE9250049214B /* Models.swift in Sources */ = {isa = PBXBuildFile; fileRef = C76B42C11C9FE9250049214B /* Models.swift */; };
/* End PBXBuildFile section */

/* Begin PBXFileReference section */
		C70F3A651CA8631800AC2E55 /* AppDetailController.swift */ = {isa = PBXFileReference; fileEncoding = 4; lastKnownFileType = sourcecode.swift; path = AppDetailController.swift; sourceTree = "<group>"; };
		C70F3A671CA9D39C00AC2E55 /* ScreenshotsCell.swift */ = {isa = PBXFileReference; fileEncoding = 4; lastKnownFileType = sourcecode.swift; path = ScreenshotsCell.swift; sourceTree = "<group>"; };
		C76B41D41C9A99B60049214B /* appstore1.app */ = {isa = PBXFileReference; explicitFileType = wrapper.application; includeInIndex = 0; path = appstore1.app; sourceTree = BUILT_PRODUCTS_DIR; };
		C76B41D71C9A99B60049214B /* AppDelegate.swift */ = {isa = PBXFileReference; lastKnownFileType = sourcecode.swift; path = AppDelegate.swift; sourceTree = "<group>"; };
		C76B41D91C9A99B60049214B /* FeaturedAppsController.swift */ = {isa = PBXFileReference; lastKnownFileType = sourcecode.swift; path = FeaturedAppsController.swift; sourceTree = "<group>"; };
		C76B41DC1C9A99B60049214B /* Base */ = {isa = PBXFileReference; lastKnownFileType = file.storyboard; name = Base; path = Base.lproj/Main.storyboard; sourceTree = "<group>"; };
		C76B41DE1C9A99B60049214B /* Assets.xcassets */ = {isa = PBXFileReference; lastKnownFileType = folder.assetcatalog; path = Assets.xcassets; sourceTree = "<group>"; };
		C76B41E11C9A99B60049214B /* Base */ = {isa = PBXFileReference; lastKnownFileType = file.storyboard; name = Base; path = Base.lproj/LaunchScreen.storyboard; sourceTree = "<group>"; };
		C76B41E31C9A99B60049214B /* Info.plist */ = {isa = PBXFileReference; lastKnownFileType = text.plist.xml; path = Info.plist; sourceTree = "<group>"; };
		C76B41E91C9A9BC70049214B /* CategoryCell.swift */ = {isa = PBXFileReference; fileEncoding = 4; lastKnownFileType = sourcecode.swift; path = CategoryCell.swift; sourceTree = "<group>"; };
		C76B42C11C9FE9250049214B /* Models.swift */ = {isa = PBXFileReference; fileEncoding = 4; lastKnownFileType = sourcecode.swift; path = Models.swift; sourceTree = "<group>"; };
/* End PBXFileReference section */

/* Begin PBXFrameworksBuildPhase section */
		C76B41D11C9A99B60049214B /* Frameworks */ = {
			isa = PBXFrameworksBuildPhase;
			buildActionMask = 2147483647;
			files = (
			);
			runOnlyForDeploymentPostprocessing = 0;
		};
/* End PBXFrameworksBuildPhase section */

/* Begin PBXGroup section */
		4BA7D21D1FB945520000C5E3 /* Resources */ = {
			isa = PBXGroup;
			children = (
				C76B41DB1C9A99B60049214B /* Main.storyboard */,
				C76B41DE1C9A99B60049214B /* Assets.xcassets */,
				C76B41E01C9A99B60049214B /* LaunchScreen.storyboard */,
			);
			path = Resources;
			sourceTree = "<group>";
		};
		C76B41CB1C9A99B60049214B = {
			isa = PBXGroup;
			children = (
				C76B41D61C9A99B60049214B /* appstore1 */,
				C76B41D51C9A99B60049214B /* Products */,
			);
			sourceTree = "<group>";
		};
		C76B41D51C9A99B60049214B /* Products */ = {
			isa = PBXGroup;
			children = (
				C76B41D41C9A99B60049214B /* appstore1.app */,
			);
			name = Products;
			sourceTree = "<group>";
		};
		C76B41D61C9A99B60049214B /* appstore1 */ = {
			isa = PBXGroup;
			children = (
				C76B41E31C9A99B60049214B /* Info.plist */,
				4BA7D21D1FB945520000C5E3 /* Resources */,
				C76B41D71C9A99B60049214B /* AppDelegate.swift */,
				C76B42C11C9FE9250049214B /* Models.swift */,
				C76B41D91C9A99B60049214B /* FeaturedAppsController.swift */,
				C76B41E91C9A9BC70049214B /* CategoryCell.swift */,
				C70F3A651CA8631800AC2E55 /* AppDetailController.swift */,
				C70F3A671CA9D39C00AC2E55 /* ScreenshotsCell.swift */,
			);
			path = appstore1;
			sourceTree = "<group>";
		};
/* End PBXGroup section */

/* Begin PBXNativeTarget section */
		C76B41D31C9A99B60049214B /* appstore1 */ = {
			isa = PBXNativeTarget;
			buildConfigurationList = C76B41E61C9A99B60049214B /* Build configuration list for PBXNativeTarget "appstore1" */;
			buildPhases = (
				C76B41D01C9A99B60049214B /* Sources */,
				C76B41D11C9A99B60049214B /* Frameworks */,
				C76B41D21C9A99B60049214B /* Resources */,
			);
			buildRules = (
			);
			dependencies = (
			);
			name = appstore1;
			productName = appstore1;
			productReference = C76B41D41C9A99B60049214B /* appstore1.app */;
			productType = "com.apple.product-type.application";
		};
/* End PBXNativeTarget section */

/* Begin PBXProject section */
		C76B41CC1C9A99B60049214B /* Project object */ = {
			isa = PBXProject;
			attributes = {
				LastSwiftUpdateCheck = 0720;
				LastUpgradeCheck = 0720;
				ORGANIZATIONNAME = letsbuildthatapp;
				TargetAttributes = {
					C76B41D31C9A99B60049214B = {
						CreatedOnToolsVersion = 7.2.1;
						DevelopmentTeam = W6W2L5AWAU;
						LastSwiftMigration = 0820;
					};
				};
			};
			buildConfigurationList = C76B41CF1C9A99B60049214B /* Build configuration list for PBXProject "appstore1" */;
			compatibilityVersion = "Xcode 3.2";
			developmentRegion = English;
			hasScannedForEncodings = 0;
			knownRegions = (
				en,
				Base,
			);
			mainGroup = C76B41CB1C9A99B60049214B;
			productRefGroup = C76B41D51C9A99B60049214B /* Products */;
			projectDirPath = "";
			projectRoot = "";
			targets = (
				C76B41D31C9A99B60049214B /* appstore1 */,
			);
		};
/* End PBXProject section */

/* Begin PBXResourcesBuildPhase section */
		C76B41D21C9A99B60049214B /* Resources */ = {
			isa = PBXResourcesBuildPhase;
			buildActionMask = 2147483647;
			files = (
				C76B41E21C9A99B60049214B /* LaunchScreen.storyboard in Resources */,
				C76B41DF1C9A99B60049214B /* Assets.xcassets in Resources */,
				C76B41DD1C9A99B60049214B /* Main.storyboard in Resources */,
			);
			runOnlyForDeploymentPostprocessing = 0;
		};
/* End PBXResourcesBuildPhase section */

/* Begin PBXSourcesBuildPhase section */
		C76B41D01C9A99B60049214B /* Sources */ = {
			isa = PBXSourcesBuildPhase;
			buildActionMask = 2147483647;
			files = (
				C76B41DA1C9A99B60049214B /* FeaturedAppsController.swift in Sources */,
				C76B41D81C9A99B60049214B /* AppDelegate.swift in Sources */,
				C76B41EA1C9A9BC70049214B /* CategoryCell.swift in Sources */,
				C70F3A661CA8631800AC2E55 /* AppDetailController.swift in Sources */,
				C76B42C21C9FE9250049214B /* Models.swift in Sources */,
				C70F3A681CA9D39C00AC2E55 /* ScreenshotsCell.swift in Sources */,
			);
			runOnlyForDeploymentPostprocessing = 0;
		};
/* End PBXSourcesBuildPhase section */

/* Begin PBXVariantGroup section */
		C76B41DB1C9A99B60049214B /* Main.storyboard */ = {
			isa = PBXVariantGroup;
			children = (
				C76B41DC1C9A99B60049214B /* Base */,
			);
			name = Main.storyboard;
			sourceTree = "<group>";
		};
		C76B41E01C9A99B60049214B /* LaunchScreen.storyboard */ = {
			isa = PBXVariantGroup;
			children = (
				C76B41E11C9A99B60049214B /* Base */,
			);
			name = LaunchScreen.storyboard;
			sourceTree = "<group>";
		};
/* End PBXVariantGroup section */

/* Begin XCBuildConfiguration section */
		C76B41E41C9A99B60049214B /* Debug */ = {
			isa = XCBuildConfiguration;
			buildSettings = {
				ALWAYS_SEARCH_USER_PATHS = NO;
				CLANG_CXX_LANGUAGE_STANDARD = "gnu++0x";
				CLANG_CXX_LIBRARY = "libc++";
				CLANG_ENABLE_MODULES = YES;
				CLANG_ENABLE_OBJC_ARC = YES;
				CLANG_WARN_BOOL_CONVERSION = YES;
				CLANG_WARN_CONSTANT_CONVERSION = YES;
				CLANG_WARN_DIRECT_OBJC_ISA_USAGE = YES_ERROR;
				CLANG_WARN_EMPTY_BODY = YES;
				CLANG_WARN_ENUM_CONVERSION = YES;
				CLANG_WARN_INT_CONVERSION = YES;
				CLANG_WARN_OBJC_ROOT_CLASS = YES_ERROR;
				CLANG_WARN_UNREACHABLE_CODE = YES;
				CLANG_WARN__DUPLICATE_METHOD_MATCH = YES;
				"CODE_SIGN_IDENTITY[sdk=iphoneos*]" = "iPhone Developer";
				COPY_PHASE_STRIP = NO;
				DEBUG_INFORMATION_FORMAT = dwarf;
				ENABLE_STRICT_OBJC_MSGSEND = YES;
				ENABLE_TESTABILITY = YES;
				GCC_C_LANGUAGE_STANDARD = gnu99;
				GCC_DYNAMIC_NO_PIC = NO;
				GCC_NO_COMMON_BLOCKS = YES;
				GCC_OPTIMIZATION_LEVEL = 0;
				GCC_PREPROCESSOR_DEFINITIONS = (
					"DEBUG=1",
					"$(inherited)",
				);
				GCC_WARN_64_TO_32_BIT_CONVERSION = YES;
				GCC_WARN_ABOUT_RETURN_TYPE = YES_ERROR;
				GCC_WARN_UNDECLARED_SELECTOR = YES;
				GCC_WARN_UNINITIALIZED_AUTOS = YES_AGGRESSIVE;
				GCC_WARN_UNUSED_FUNCTION = YES;
				GCC_WARN_UNUSED_VARIABLE = YES;
				IPHONEOS_DEPLOYMENT_TARGET = 9.2;
				MTL_ENABLE_DEBUG_INFO = YES;
				ONLY_ACTIVE_ARCH = YES;
				SDKROOT = iphoneos;
				SWIFT_OPTIMIZATION_LEVEL = "-Onone";
				TARGETED_DEVICE_FAMILY = "1,2";
			};
			name = Debug;
		};
		C76B41E51C9A99B60049214B /* Release */ = {
			isa = XCBuildConfiguration;
			buildSettings = {
				ALWAYS_SEARCH_USER_PATHS = NO;
				CLANG_CXX_LANGUAGE_STANDARD = "gnu++0x";
				CLANG_CXX_LIBRARY = "libc++";
				CLANG_ENABLE_MODULES = YES;
				CLANG_ENABLE_OBJC_ARC = YES;
				CLANG_WARN_BOOL_CONVERSION = YES;
				CLANG_WARN_CONSTANT_CONVERSION = YES;
				CLANG_WARN_DIRECT_OBJC_ISA_USAGE = YES_ERROR;
				CLANG_WARN_EMPTY_BODY = YES;
				CLANG_WARN_ENUM_CONVERSION = YES;
				CLANG_WARN_INT_CONVERSION = YES;
				CLANG_WARN_OBJC_ROOT_CLASS = YES_ERROR;
				CLANG_WARN_UNREACHABLE_CODE = YES;
				CLANG_WARN__DUPLICATE_METHOD_MATCH = YES;
				"CODE_SIGN_IDENTITY[sdk=iphoneos*]" = "iPhone Developer";
				COPY_PHASE_STRIP = NO;
				DEBUG_INFORMATION_FORMAT = "dwarf-with-dsym";
				ENABLE_NS_ASSERTIONS = NO;
				ENABLE_STRICT_OBJC_MSGSEND = YES;
				GCC_C_LANGUAGE_STANDARD = gnu99;
				GCC_NO_COMMON_BLOCKS = YES;
				GCC_WARN_64_TO_32_BIT_CONVERSION = YES;
				GCC_WARN_ABOUT_RETURN_TYPE = YES_ERROR;
				GCC_WARN_UNDECLARED_SELECTOR = YES;
				GCC_WARN_UNINITIALIZED_AUTOS = YES_AGGRESSIVE;
				GCC_WARN_UNUSED_FUNCTION = YES;
				GCC_WARN_UNUSED_VARIABLE = YES;
				IPHONEOS_DEPLOYMENT_TARGET = 9.2;
				MTL_ENABLE_DEBUG_INFO = NO;
				SDKROOT = iphoneos;
				TARGETED_DEVICE_FAMILY = "1,2";
				VALIDATE_PRODUCT = YES;
			};
			name = Release;
		};
		C76B41E71C9A99B60049214B /* Debug */ = {
			isa = XCBuildConfiguration;
			buildSettings = {
				ASSETCATALOG_COMPILER_APPICON_NAME = AppIcon;
				DEVELOPMENT_TEAM = W6W2L5AWAU;
				INFOPLIST_FILE = appstore1/Info.plist;
				LD_RUNPATH_SEARCH_PATHS = "$(inherited) @executable_path/Frameworks";
				PRODUCT_BUNDLE_IDENTIFIER = com.letsbuildthatapp.appstore1;
				PRODUCT_NAME = "$(TARGET_NAME)";
				SWIFT_VERSION = 3.0;
			};
			name = Debug;
		};
		C76B41E81C9A99B60049214B /* Release */ = {
			isa = XCBuildConfiguration;
			buildSettings = {
				ASSETCATALOG_COMPILER_APPICON_NAME = AppIcon;
				DEVELOPMENT_TEAM = W6W2L5AWAU;
				INFOPLIST_FILE = appstore1/Info.plist;
				LD_RUNPATH_SEARCH_PATHS = "$(inherited) @executable_path/Frameworks";
				PRODUCT_BUNDLE_IDENTIFIER = com.letsbuildthatapp.appstore1;
				PRODUCT_NAME = "$(TARGET_NAME)";
				SWIFT_VERSION = 3.0;
			};
			name = Release;
		};
/* End XCBuildConfiguration section */

/* Begin XCConfigurationList section */
		C76B41CF1C9A99B60049214B /* Build configuration list for PBXProject "appstore1" */ = {
			isa = XCConfigurationList;
			buildConfigurations = (
				C76B41E41C9A99B60049214B /* Debug */,
				C76B41E51C9A99B60049214B /* Release */,
			);
			defaultConfigurationIsVisible = 0;
			defaultConfigurationName = Release;
		};
		C76B41E61C9A99B60049214B /* Build configuration list for PBXNativeTarget "appstore1" */ = {
			isa = XCConfigurationList;
			buildConfigurations = (
				C76B41E71C9A99B60049214B /* Debug */,
				C76B41E81C9A99B60049214B /* Release */,
			);
			defaultConfigurationIsVisible = 0;
			defaultConfigurationName = Release;
		};
/* End XCConfigurationList section */
	};
	rootObject = C76B41CC1C9A99B60049214B /* Project object */;
}
