// !$*UTF8*$!
{
	archiveVersion = 1;
	classes = {
	};
	objectVersion = 48;
	objects = {

/* Begin PBXBuildFile section */
		4B45C12E1F828C3C007F8C61 /* BlockScrollViewController.swift in Sources */ = {isa = PBXBuildFile; fileRef = 4B45C12D1F828C3C007F8C61 /* BlockScrollViewController.swift */; };
		DD133AA51F7C929000E22266 /* AppDelegate.swift in Sources */ = {isa = PBXBuildFile; fileRef = DD133AA41F7C929000E22266 /* AppDelegate.swift */; };
		DD133AA71F7C929000E22266 /* CardScrollViewController.swift in Sources */ = {isa = PBXBuildFile; fileRef = DD133AA61F7C929000E22266 /* CardScrollViewController.swift */; };
		DD133AAA1F7C929000E22266 /* Main.storyboard in Resources */ = {isa = PBXBuildFile; fileRef = DD133AA81F7C929000E22266 /* Main.storyboard */; };
		DD133AAC1F7C929000E22266 /* Assets.xcassets in Resources */ = {isa = PBXBuildFile; fileRef = DD133AAB1F7C929000E22266 /* Assets.xcassets */; };
		DD133AAF1F7C929000E22266 /* LaunchScreen.storyboard in Resources */ = {isa = PBXBuildFile; fileRef = DD133AAD1F7C929000E22266 /* LaunchScreen.storyboard */; };
		DD133AB71F7C9F2900E22266 /* GradationViewController.swift in Sources */ = {isa = PBXBuildFile; fileRef = DD133AB61F7C9F2900E22266 /* GradationViewController.swift */; };
/* End PBXBuildFile section */

/* Begin PBXFileReference section */
		4B45C12D1F828C3C007F8C61 /* BlockScrollViewController.swift */ = {isa = PBXFileReference; lastKnownFileType = sourcecode.swift; path = BlockScrollViewController.swift; sourceTree = "<group>"; };
		DD133AA11F7C929000E22266 /* 0928_UIScrollTable.app */ = {isa = PBXFileReference; explicitFileType = wrapper.application; includeInIndex = 0; path = 0928_UIScrollTable.app; sourceTree = BUILT_PRODUCTS_DIR; };
		DD133AA41F7C929000E22266 /* AppDelegate.swift */ = {isa = PBXFileReference; lastKnownFileType = sourcecode.swift; path = AppDelegate.swift; sourceTree = "<group>"; };
		DD133AA61F7C929000E22266 /* CardScrollViewController.swift */ = {isa = PBXFileReference; lastKnownFileType = sourcecode.swift; path = CardScrollViewController.swift; sourceTree = "<group>"; };
		DD133AA91F7C929000E22266 /* Base */ = {isa = PBXFileReference; lastKnownFileType = file.storyboard; name = Base; path = Base.lproj/Main.storyboard; sourceTree = "<group>"; };
		DD133AAB1F7C929000E22266 /* Assets.xcassets */ = {isa = PBXFileReference; lastKnownFileType = folder.assetcatalog; path = Assets.xcassets; sourceTree = "<group>"; };
		DD133AAE1F7C929000E22266 /* Base */ = {isa = PBXFileReference; lastKnownFileType = file.storyboard; name = Base; path = Base.lproj/LaunchScreen.storyboard; sourceTree = "<group>"; };
		DD133AB01F7C929000E22266 /* Info.plist */ = {isa = PBXFileReference; lastKnownFileType = text.plist.xml; path = Info.plist; sourceTree = "<group>"; };
		DD133AB61F7C9F2900E22266 /* GradationViewController.swift */ = {isa = PBXFileReference; lastKnownFileType = sourcecode.swift; path = GradationViewController.swift; sourceTree = "<group>"; };
/* End PBXFileReference section */

/* Begin PBXFrameworksBuildPhase section */
		DD133A9E1F7C929000E22266 /* Frameworks */ = {
			isa = PBXFrameworksBuildPhase;
			buildActionMask = 2147483647;
			files = (
			);
			runOnlyForDeploymentPostprocessing = 0;
		};
/* End PBXFrameworksBuildPhase section */

/* Begin PBXGroup section */
		DD133A981F7C929000E22266 = {
			isa = PBXGroup;
			children = (
				DD133AA31F7C929000E22266 /* 0928_UIScrollTable */,
				DD133AA21F7C929000E22266 /* Products */,
			);
			sourceTree = "<group>";
		};
		DD133AA21F7C929000E22266 /* Products */ = {
			isa = PBXGroup;
			children = (
				DD133AA11F7C929000E22266 /* 0928_UIScrollTable.app */,
			);
			name = Products;
			sourceTree = "<group>";
		};
		DD133AA31F7C929000E22266 /* 0928_UIScrollTable */ = {
			isa = PBXGroup;
			children = (
				DD133AAB1F7C929000E22266 /* Assets.xcassets */,
				DD133AA41F7C929000E22266 /* AppDelegate.swift */,
				DD133AA61F7C929000E22266 /* CardScrollViewController.swift */,
				DD133AB61F7C9F2900E22266 /* GradationViewController.swift */,
				4B45C12D1F828C3C007F8C61 /* BlockScrollViewController.swift */,
				DD133AA81F7C929000E22266 /* Main.storyboard */,
				DD133AAD1F7C929000E22266 /* LaunchScreen.storyboard */,
				DD133AB01F7C929000E22266 /* Info.plist */,
			);
			path = 0928_UIScrollTable;
			sourceTree = "<group>";
		};
/* End PBXGroup section */

/* Begin PBXNativeTarget section */
		DD133AA01F7C929000E22266 /* 0928_UIScrollTable */ = {
			isa = PBXNativeTarget;
			buildConfigurationList = DD133AB31F7C929000E22266 /* Build configuration list for PBXNativeTarget "0928_UIScrollTable" */;
			buildPhases = (
				DD133A9D1F7C929000E22266 /* Sources */,
				DD133A9E1F7C929000E22266 /* Frameworks */,
				DD133A9F1F7C929000E22266 /* Resources */,
			);
			buildRules = (
			);
			dependencies = (
			);
			name = 0928_UIScrollTable;
			productName = 0928_UIScrollTable;
			productReference = DD133AA11F7C929000E22266 /* 0928_UIScrollTable.app */;
			productType = "com.apple.product-type.application";
		};
/* End PBXNativeTarget section */

/* Begin PBXProject section */
		DD133A991F7C929000E22266 /* Project object */ = {
			isa = PBXProject;
			attributes = {
				LastSwiftUpdateCheck = 0900;
				LastUpgradeCheck = 0900;
				ORGANIZATIONNAME = younari;
				TargetAttributes = {
					DD133AA01F7C929000E22266 = {
						CreatedOnToolsVersion = 9.0;
						ProvisioningStyle = Automatic;
					};
				};
			};
			buildConfigurationList = DD133A9C1F7C929000E22266 /* Build configuration list for PBXProject "0928_UIScrollTable" */;
			compatibilityVersion = "Xcode 8.0";
			developmentRegion = en;
			hasScannedForEncodings = 0;
			knownRegions = (
				en,
				Base,
			);
			mainGroup = DD133A981F7C929000E22266;
			productRefGroup = DD133AA21F7C929000E22266 /* Products */;
			projectDirPath = "";
			projectRoot = "";
			targets = (
				DD133AA01F7C929000E22266 /* 0928_UIScrollTable */,
			);
		};
/* End PBXProject section */

/* Begin PBXResourcesBuildPhase section */
		DD133A9F1F7C929000E22266 /* Resources */ = {
			isa = PBXResourcesBuildPhase;
			buildActionMask = 2147483647;
			files = (
				DD133AAF1F7C929000E22266 /* LaunchScreen.storyboard in Resources */,
				DD133AAC1F7C929000E22266 /* Assets.xcassets in Resources */,
				DD133AAA1F7C929000E22266 /* Main.storyboard in Resources */,
			);
			runOnlyForDeploymentPostprocessing = 0;
		};
/* End PBXResourcesBuildPhase section */

/* Begin PBXSourcesBuildPhase section */
		DD133A9D1F7C929000E22266 /* Sources */ = {
			isa = PBXSourcesBuildPhase;
			buildActionMask = 2147483647;
			files = (
				DD133AA71F7C929000E22266 /* CardScrollViewController.swift in Sources */,
				DD133AB71F7C9F2900E22266 /* GradationViewController.swift in Sources */,
				DD133AA51F7C929000E22266 /* AppDelegate.swift in Sources */,
				4B45C12E1F828C3C007F8C61 /* BlockScrollViewController.swift in Sources */,
			);
			runOnlyForDeploymentPostprocessing = 0;
		};
/* End PBXSourcesBuildPhase section */

/* Begin PBXVariantGroup section */
		DD133AA81F7C929000E22266 /* Main.storyboard */ = {
			isa = PBXVariantGroup;
			children = (
				DD133AA91F7C929000E22266 /* Base */,
			);
			name = Main.storyboard;
			sourceTree = "<group>";
		};
		DD133AAD1F7C929000E22266 /* LaunchScreen.storyboard */ = {
			isa = PBXVariantGroup;
			children = (
				DD133AAE1F7C929000E22266 /* Base */,
			);
			name = LaunchScreen.storyboard;
			sourceTree = "<group>";
		};
/* End PBXVariantGroup section */

/* Begin XCBuildConfiguration section */
		DD133AB11F7C929000E22266 /* Debug */ = {
			isa = XCBuildConfiguration;
			buildSettings = {
				ALWAYS_SEARCH_USER_PATHS = NO;
				CLANG_ANALYZER_NONNULL = YES;
				CLANG_ANALYZER_NUMBER_OBJECT_CONVERSION = YES_AGGRESSIVE;
				CLANG_CXX_LANGUAGE_STANDARD = "gnu++14";
				CLANG_CXX_LIBRARY = "libc++";
				CLANG_ENABLE_MODULES = YES;
				CLANG_ENABLE_OBJC_ARC = YES;
				CLANG_WARN_BLOCK_CAPTURE_AUTORELEASING = YES;
				CLANG_WARN_BOOL_CONVERSION = YES;
				CLANG_WARN_COMMA = YES;
				CLANG_WARN_CONSTANT_CONVERSION = YES;
				CLANG_WARN_DIRECT_OBJC_ISA_USAGE = YES_ERROR;
				CLANG_WARN_DOCUMENTATION_COMMENTS = YES;
				CLANG_WARN_EMPTY_BODY = YES;
				CLANG_WARN_ENUM_CONVERSION = YES;
				CLANG_WARN_INFINITE_RECURSION = YES;
				CLANG_WARN_INT_CONVERSION = YES;
				CLANG_WARN_NON_LITERAL_NULL_CONVERSION = YES;
				CLANG_WARN_OBJC_LITERAL_CONVERSION = YES;
				CLANG_WARN_OBJC_ROOT_CLASS = YES_ERROR;
				CLANG_WARN_RANGE_LOOP_ANALYSIS = YES;
				CLANG_WARN_STRICT_PROTOTYPES = YES;
				CLANG_WARN_SUSPICIOUS_MOVE = YES;
				CLANG_WARN_UNGUARDED_AVAILABILITY = YES_AGGRESSIVE;
				CLANG_WARN_UNREACHABLE_CODE = YES;
				CLANG_WARN__DUPLICATE_METHOD_MATCH = YES;
				CODE_SIGN_IDENTITY = "iPhone Developer";
				COPY_PHASE_STRIP = NO;
				DEBUG_INFORMATION_FORMAT = dwarf;
				ENABLE_STRICT_OBJC_MSGSEND = YES;
				ENABLE_TESTABILITY = YES;
				GCC_C_LANGUAGE_STANDARD = gnu11;
				GCC_DYNAMIC_NO_PIC = NO;
				GCC_NO_COMMON_BLOCKS = YES;
				GCC_OPTIMIZATION_LEVEL = 0;
				GCC_PREPROCESSOR_DEFINITIONS = (
					"DEBUG=1",
					"$(inherited)",
				);
				GCC_WARN_64_TO_32_BIT_CONVERSION = YES;
				GCC_WARN_ABOUT_RETURN_TYPE = YES_ERROR;
				GCC_WARN_UNDECLARED_SELECTOR = YES;
				GCC_WARN_UNINITIALIZED_AUTOS = YES_AGGRESSIVE;
				GCC_WARN_UNUSED_FUNCTION = YES;
				GCC_WARN_UNUSED_VARIABLE = YES;
				IPHONEOS_DEPLOYMENT_TARGET = 11.0;
				MTL_ENABLE_DEBUG_INFO = YES;
				ONLY_ACTIVE_ARCH = YES;
				SDKROOT = iphoneos;
				SWIFT_ACTIVE_COMPILATION_CONDITIONS = DEBUG;
				SWIFT_OPTIMIZATION_LEVEL = "-Onone";
			};
			name = Debug;
		};
		DD133AB21F7C929000E22266 /* Release */ = {
			isa = XCBuildConfiguration;
			buildSettings = {
				ALWAYS_SEARCH_USER_PATHS = NO;
				CLANG_ANALYZER_NONNULL = YES;
				CLANG_ANALYZER_NUMBER_OBJECT_CONVERSION = YES_AGGRESSIVE;
				CLANG_CXX_LANGUAGE_STANDARD = "gnu++14";
				CLANG_CXX_LIBRARY = "libc++";
				CLANG_ENABLE_MODULES = YES;
				CLANG_ENABLE_OBJC_ARC = YES;
				CLANG_WARN_BLOCK_CAPTURE_AUTORELEASING = YES;
				CLANG_WARN_BOOL_CONVERSION = YES;
				CLANG_WARN_COMMA = YES;
				CLANG_WARN_CONSTANT_CONVERSION = YES;
				CLANG_WARN_DIRECT_OBJC_ISA_USAGE = YES_ERROR;
				CLANG_WARN_DOCUMENTATION_COMMENTS = YES;
				CLANG_WARN_EMPTY_BODY = YES;
				CLANG_WARN_ENUM_CONVERSION = YES;
				CLANG_WARN_INFINITE_RECURSION = YES;
				CLANG_WARN_INT_CONVERSION = YES;
				CLANG_WARN_NON_LITERAL_NULL_CONVERSION = YES;
				CLANG_WARN_OBJC_LITERAL_CONVERSION = YES;
				CLANG_WARN_OBJC_ROOT_CLASS = YES_ERROR;
				CLANG_WARN_RANGE_LOOP_ANALYSIS = YES;
				CLANG_WARN_STRICT_PROTOTYPES = YES;
				CLANG_WARN_SUSPICIOUS_MOVE = YES;
				CLANG_WARN_UNGUARDED_AVAILABILITY = YES_AGGRESSIVE;
				CLANG_WARN_UNREACHABLE_CODE = YES;
				CLANG_WARN__DUPLICATE_METHOD_MATCH = YES;
				CODE_SIGN_IDENTITY = "iPhone Developer";
				COPY_PHASE_STRIP = NO;
				DEBUG_INFORMATION_FORMAT = "dwarf-with-dsym";
				ENABLE_NS_ASSERTIONS = NO;
				ENABLE_STRICT_OBJC_MSGSEND = YES;
				GCC_C_LANGUAGE_STANDARD = gnu11;
				GCC_NO_COMMON_BLOCKS = YES;
				GCC_WARN_64_TO_32_BIT_CONVERSION = YES;
				GCC_WARN_ABOUT_RETURN_TYPE = YES_ERROR;
				GCC_WARN_UNDECLARED_SELECTOR = YES;
				GCC_WARN_UNINITIALIZED_AUTOS = YES_AGGRESSIVE;
				GCC_WARN_UNUSED_FUNCTION = YES;
				GCC_WARN_UNUSED_VARIABLE = YES;
				IPHONEOS_DEPLOYMENT_TARGET = 11.0;
				MTL_ENABLE_DEBUG_INFO = NO;
				SDKROOT = iphoneos;
				SWIFT_OPTIMIZATION_LEVEL = "-Owholemodule";
				VALIDATE_PRODUCT = YES;
			};
			name = Release;
		};
		DD133AB41F7C929000E22266 /* Debug */ = {
			isa = XCBuildConfiguration;
			buildSettings = {
				ASSETCATALOG_COMPILER_APPICON_NAME = AppIcon;
				CODE_SIGN_STYLE = Automatic;
				DEVELOPMENT_TEAM = W6W2L5AWAU;
				INFOPLIST_FILE = 0928_UIScrollTable/Info.plist;
				LD_RUNPATH_SEARCH_PATHS = "$(inherited) @executable_path/Frameworks";
				PRODUCT_BUNDLE_IDENTIFIER = "younari.-928-UIScrollTable";
				PRODUCT_NAME = "$(TARGET_NAME)";
				SWIFT_VERSION = 4.0;
				TARGETED_DEVICE_FAMILY = "1,2";
			};
			name = Debug;
		};
		DD133AB51F7C929000E22266 /* Release */ = {
			isa = XCBuildConfiguration;
			buildSettings = {
				ASSETCATALOG_COMPILER_APPICON_NAME = AppIcon;
				CODE_SIGN_STYLE = Automatic;
				DEVELOPMENT_TEAM = W6W2L5AWAU;
				INFOPLIST_FILE = 0928_UIScrollTable/Info.plist;
				LD_RUNPATH_SEARCH_PATHS = "$(inherited) @executable_path/Frameworks";
				PRODUCT_BUNDLE_IDENTIFIER = "younari.-928-UIScrollTable";
				PRODUCT_NAME = "$(TARGET_NAME)";
				SWIFT_VERSION = 4.0;
				TARGETED_DEVICE_FAMILY = "1,2";
			};
			name = Release;
		};
/* End XCBuildConfiguration section */

/* Begin XCConfigurationList section */
		DD133A9C1F7C929000E22266 /* Build configuration list for PBXProject "0928_UIScrollTable" */ = {
			isa = XCConfigurationList;
			buildConfigurations = (
				DD133AB11F7C929000E22266 /* Debug */,
				DD133AB21F7C929000E22266 /* Release */,
			);
			defaultConfigurationIsVisible = 0;
			defaultConfigurationName = Release;
		};
		DD133AB31F7C929000E22266 /* Build configuration list for PBXNativeTarget "0928_UIScrollTable" */ = {
			isa = XCConfigurationList;
			buildConfigurations = (
				DD133AB41F7C929000E22266 /* Debug */,
				DD133AB51F7C929000E22266 /* Release */,
			);
			defaultConfigurationIsVisible = 0;
			defaultConfigurationName = Release;
		};
/* End XCConfigurationList section */
	};
	rootObject = DD133A991F7C929000E22266 /* Project object */;
}
