// !$*UTF8*$!
{
	archiveVersion = 1;
	classes = {
	};
	objectVersion = 48;
	objects = {

/* Begin PBXBuildFile section */
		4BE64A2F1FC3038E007863EB /* Pods_Onstagram.framework in Frameworks */ = {isa = PBXBuildFile; fileRef = 4BE64A301FC3038E007863EB /* Pods_Onstagram.framework */; };
		D58B4F2D1FC282AB002F05D8 /* AppDelegate.swift in Sources */ = {isa = PBXBuildFile; fileRef = D58B4F2C1FC282AB002F05D8 /* AppDelegate.swift */; };
		D58B4F2F1FC282AB002F05D8 /* MainVC.swift in Sources */ = {isa = PBXBuildFile; fileRef = D58B4F2E1FC282AB002F05D8 /* MainVC.swift */; };
		D58B4F321FC282AB002F05D8 /* Main.storyboard in Resources */ = {isa = PBXBuildFile; fileRef = D58B4F301FC282AB002F05D8 /* Main.storyboard */; };
		D58B4F341FC282AB002F05D8 /* Assets.xcassets in Resources */ = {isa = PBXBuildFile; fileRef = D58B4F331FC282AB002F05D8 /* Assets.xcassets */; };
		D58B4F371FC282AB002F05D8 /* LaunchScreen.storyboard in Resources */ = {isa = PBXBuildFile; fileRef = D58B4F351FC282AB002F05D8 /* LaunchScreen.storyboard */; };
		D58BA5981FC29A00009D5F5E /* DataCenter.swift in Sources */ = {isa = PBXBuildFile; fileRef = D58BA5971FC29A00009D5F5E /* DataCenter.swift */; };
		D58BA59A1FC2A56D009D5F5E /* LoginVC.swift in Sources */ = {isa = PBXBuildFile; fileRef = D58BA5991FC2A56D009D5F5E /* LoginVC.swift */; };
		D59B4ABA1FC285D800B5CF70 /* SignupVC.swift in Sources */ = {isa = PBXBuildFile; fileRef = D59B4AB91FC285D800B5CF70 /* SignupVC.swift */; };
		D5D67C681FC283F70071218D /* GoogleService-Info.plist in Resources */ = {isa = PBXBuildFile; fileRef = D5D67C671FC283F70071218D /* GoogleService-Info.plist */; };
/* End PBXBuildFile section */

/* Begin PBXFileReference section */
		143748261F8530C095C29FF2 /* Pods-OnstagramUITests.release.xcconfig */ = {isa = PBXFileReference; includeInIndex = 1; lastKnownFileType = text.xcconfig; name = "Pods-OnstagramUITests.release.xcconfig"; path = "Pods/Target Support Files/Pods-OnstagramUITests/Pods-OnstagramUITests.release.xcconfig"; sourceTree = "<group>"; };
		331C452E1D3C35ED7CBC2146 /* Pods-Onstagram.debug.xcconfig */ = {isa = PBXFileReference; includeInIndex = 1; lastKnownFileType = text.xcconfig; name = "Pods-Onstagram.debug.xcconfig"; path = "Pods/Target Support Files/Pods-Onstagram/Pods-Onstagram.debug.xcconfig"; sourceTree = "<group>"; };
		3A37DB82D3CA62AE8F27E77C /* Pods_Onstagram.framework */ = {isa = PBXFileReference; explicitFileType = wrapper.framework; includeInIndex = 0; path = Pods_Onstagram.framework; sourceTree = BUILT_PRODUCTS_DIR; };
		4BE64A301FC3038E007863EB /* Pods_Onstagram.framework */ = {isa = PBXFileReference; explicitFileType = wrapper.framework; path = Pods_Onstagram.framework; sourceTree = BUILT_PRODUCTS_DIR; };
		516F5F204603E537D3B1182D /* Pods-Onstagram.release.xcconfig */ = {isa = PBXFileReference; includeInIndex = 1; lastKnownFileType = text.xcconfig; name = "Pods-Onstagram.release.xcconfig"; path = "Pods/Target Support Files/Pods-Onstagram/Pods-Onstagram.release.xcconfig"; sourceTree = "<group>"; };
		70528C33B1E78CC363727F7A /* Pods-OnstagramTests.debug.xcconfig */ = {isa = PBXFileReference; includeInIndex = 1; lastKnownFileType = text.xcconfig; name = "Pods-OnstagramTests.debug.xcconfig"; path = "Pods/Target Support Files/Pods-OnstagramTests/Pods-OnstagramTests.debug.xcconfig"; sourceTree = "<group>"; };
		8138C7EED0BDE91270CF6972 /* Pods_OnstagramTests.framework */ = {isa = PBXFileReference; explicitFileType = wrapper.framework; includeInIndex = 0; path = Pods_OnstagramTests.framework; sourceTree = BUILT_PRODUCTS_DIR; };
		BA3E3F9967541586D3E45807 /* Pods_OnstagramUITests.framework */ = {isa = PBXFileReference; explicitFileType = wrapper.framework; includeInIndex = 0; path = Pods_OnstagramUITests.framework; sourceTree = BUILT_PRODUCTS_DIR; };
		D58B4F291FC282AB002F05D8 /* Onstagram.app */ = {isa = PBXFileReference; explicitFileType = wrapper.application; includeInIndex = 0; path = Onstagram.app; sourceTree = BUILT_PRODUCTS_DIR; };
		D58B4F2C1FC282AB002F05D8 /* AppDelegate.swift */ = {isa = PBXFileReference; lastKnownFileType = sourcecode.swift; path = AppDelegate.swift; sourceTree = "<group>"; };
		D58B4F2E1FC282AB002F05D8 /* MainVC.swift */ = {isa = PBXFileReference; lastKnownFileType = sourcecode.swift; path = MainVC.swift; sourceTree = "<group>"; };
		D58B4F311FC282AB002F05D8 /* Base */ = {isa = PBXFileReference; lastKnownFileType = file.storyboard; name = Base; path = Base.lproj/Main.storyboard; sourceTree = "<group>"; };
		D58B4F331FC282AB002F05D8 /* Assets.xcassets */ = {isa = PBXFileReference; lastKnownFileType = folder.assetcatalog; path = Assets.xcassets; sourceTree = "<group>"; };
		D58B4F361FC282AB002F05D8 /* Base */ = {isa = PBXFileReference; lastKnownFileType = file.storyboard; name = Base; path = Base.lproj/LaunchScreen.storyboard; sourceTree = "<group>"; };
		D58B4F381FC282AB002F05D8 /* Info.plist */ = {isa = PBXFileReference; lastKnownFileType = text.plist.xml; path = Info.plist; sourceTree = "<group>"; };
		D58BA5971FC29A00009D5F5E /* DataCenter.swift */ = {isa = PBXFileReference; lastKnownFileType = sourcecode.swift; path = DataCenter.swift; sourceTree = "<group>"; };
		D58BA5991FC2A56D009D5F5E /* LoginVC.swift */ = {isa = PBXFileReference; lastKnownFileType = sourcecode.swift; path = LoginVC.swift; sourceTree = "<group>"; };
		D59B4AB91FC285D800B5CF70 /* SignupVC.swift */ = {isa = PBXFileReference; lastKnownFileType = sourcecode.swift; path = SignupVC.swift; sourceTree = "<group>"; };
		D5D67C671FC283F70071218D /* GoogleService-Info.plist */ = {isa = PBXFileReference; fileEncoding = 4; lastKnownFileType = text.plist.xml; path = "GoogleService-Info.plist"; sourceTree = "<group>"; };
		E0BAD89CAEF01B24B49EF794 /* Pods-OnstagramTests.release.xcconfig */ = {isa = PBXFileReference; includeInIndex = 1; lastKnownFileType = text.xcconfig; name = "Pods-OnstagramTests.release.xcconfig"; path = "Pods/Target Support Files/Pods-OnstagramTests/Pods-OnstagramTests.release.xcconfig"; sourceTree = "<group>"; };
		ECACBE9E69001F486BF2FBAC /* Pods-OnstagramUITests.debug.xcconfig */ = {isa = PBXFileReference; includeInIndex = 1; lastKnownFileType = text.xcconfig; name = "Pods-OnstagramUITests.debug.xcconfig"; path = "Pods/Target Support Files/Pods-OnstagramUITests/Pods-OnstagramUITests.debug.xcconfig"; sourceTree = "<group>"; };
/* End PBXFileReference section */

/* Begin PBXFrameworksBuildPhase section */
		D58B4F261FC282AB002F05D8 /* Frameworks */ = {
			isa = PBXFrameworksBuildPhase;
			buildActionMask = 2147483647;
			files = (
				4BE64A2F1FC3038E007863EB /* Pods_Onstagram.framework in Frameworks */,
			);
			runOnlyForDeploymentPostprocessing = 0;
		};
/* End PBXFrameworksBuildPhase section */

/* Begin PBXGroup section */
		1104BC73EAF4AFB5C02BF5B2 /* Frameworks */ = {
			isa = PBXGroup;
			children = (
				4BE64A301FC3038E007863EB /* Pods_Onstagram.framework */,
				3A37DB82D3CA62AE8F27E77C /* Pods_Onstagram.framework */,
				8138C7EED0BDE91270CF6972 /* Pods_OnstagramTests.framework */,
				BA3E3F9967541586D3E45807 /* Pods_OnstagramUITests.framework */,
			);
			name = Frameworks;
			sourceTree = "<group>";
		};
		322FDDAA6A074FE49686413A /* Pods */ = {
			isa = PBXGroup;
			children = (
				331C452E1D3C35ED7CBC2146 /* Pods-Onstagram.debug.xcconfig */,
				516F5F204603E537D3B1182D /* Pods-Onstagram.release.xcconfig */,
				70528C33B1E78CC363727F7A /* Pods-OnstagramTests.debug.xcconfig */,
				E0BAD89CAEF01B24B49EF794 /* Pods-OnstagramTests.release.xcconfig */,
				ECACBE9E69001F486BF2FBAC /* Pods-OnstagramUITests.debug.xcconfig */,
				143748261F8530C095C29FF2 /* Pods-OnstagramUITests.release.xcconfig */,
			);
			name = Pods;
			sourceTree = "<group>";
		};
		D58B4F201FC282AB002F05D8 = {
			isa = PBXGroup;
			children = (
				D58B4F2B1FC282AB002F05D8 /* Onstagram */,
				D58B4F2A1FC282AB002F05D8 /* Products */,
				322FDDAA6A074FE49686413A /* Pods */,
				1104BC73EAF4AFB5C02BF5B2 /* Frameworks */,
			);
			sourceTree = "<group>";
		};
		D58B4F2A1FC282AB002F05D8 /* Products */ = {
			isa = PBXGroup;
			children = (
				D58B4F291FC282AB002F05D8 /* Onstagram.app */,
			);
			name = Products;
			sourceTree = "<group>";
		};
		D58B4F2B1FC282AB002F05D8 /* Onstagram */ = {
			isa = PBXGroup;
			children = (
				D58B4F301FC282AB002F05D8 /* Main.storyboard */,
				D58B4F2C1FC282AB002F05D8 /* AppDelegate.swift */,
				D58BA59C1FC2BB62009D5F5E /* Model */,
				D58BA59B1FC2BB5B009D5F5E /* Controllers */,
				D58BA59D1FC2BB6F009D5F5E /* Resources */,
			);
			path = Onstagram;
			sourceTree = "<group>";
		};
		D58BA59B1FC2BB5B009D5F5E /* Controllers */ = {
			isa = PBXGroup;
			children = (
				D58BA5991FC2A56D009D5F5E /* LoginVC.swift */,
				D59B4AB91FC285D800B5CF70 /* SignupVC.swift */,
				D58B4F2E1FC282AB002F05D8 /* MainVC.swift */,
			);
			path = Controllers;
			sourceTree = "<group>";
		};
		D58BA59C1FC2BB62009D5F5E /* Model */ = {
			isa = PBXGroup;
			children = (
				D58BA5971FC29A00009D5F5E /* DataCenter.swift */,
			);
			path = Model;
			sourceTree = "<group>";
		};
		D58BA59D1FC2BB6F009D5F5E /* Resources */ = {
			isa = PBXGroup;
			children = (
				D58B4F331FC282AB002F05D8 /* Assets.xcassets */,
				D58B4F351FC282AB002F05D8 /* LaunchScreen.storyboard */,
				D5D67C671FC283F70071218D /* GoogleService-Info.plist */,
				D58B4F381FC282AB002F05D8 /* Info.plist */,
			);
			path = Resources;
			sourceTree = "<group>";
		};
/* End PBXGroup section */

/* Begin PBXNativeTarget section */
		D58B4F281FC282AB002F05D8 /* Onstagram */ = {
			isa = PBXNativeTarget;
			buildConfigurationList = D58B4F511FC282AB002F05D8 /* Build configuration list for PBXNativeTarget "Onstagram" */;
			buildPhases = (
				F4CBD4FD578C7D915E82D460 /* [CP] Check Pods Manifest.lock */,
				D58B4F251FC282AB002F05D8 /* Sources */,
				D58B4F261FC282AB002F05D8 /* Frameworks */,
				D58B4F271FC282AB002F05D8 /* Resources */,
				652257CE8D88AE319197914F /* [CP] Embed Pods Frameworks */,
				B0E4CD830F0CD27F97723DE6 /* [CP] Copy Pods Resources */,
			);
			buildRules = (
			);
			dependencies = (
			);
			name = Onstagram;
			productName = Onstagram;
			productReference = D58B4F291FC282AB002F05D8 /* Onstagram.app */;
			productType = "com.apple.product-type.application";
		};
/* End PBXNativeTarget section */

/* Begin PBXProject section */
		D58B4F211FC282AB002F05D8 /* Project object */ = {
			isa = PBXProject;
			attributes = {
				LastSwiftUpdateCheck = 0910;
				LastUpgradeCheck = 0910;
				ORGANIZATIONNAME = "Kyuhan Shin";
				TargetAttributes = {
					D58B4F281FC282AB002F05D8 = {
						CreatedOnToolsVersion = 9.1;
						ProvisioningStyle = Automatic;
					};
				};
			};
			buildConfigurationList = D58B4F241FC282AB002F05D8 /* Build configuration list for PBXProject "Onstagram" */;
			compatibilityVersion = "Xcode 8.0";
			developmentRegion = en;
			hasScannedForEncodings = 0;
			knownRegions = (
				en,
				Base,
			);
			mainGroup = D58B4F201FC282AB002F05D8;
			productRefGroup = D58B4F2A1FC282AB002F05D8 /* Products */;
			projectDirPath = "";
			projectRoot = "";
			targets = (
				D58B4F281FC282AB002F05D8 /* Onstagram */,
			);
		};
/* End PBXProject section */

/* Begin PBXResourcesBuildPhase section */
		D58B4F271FC282AB002F05D8 /* Resources */ = {
			isa = PBXResourcesBuildPhase;
			buildActionMask = 2147483647;
			files = (
				D58B4F371FC282AB002F05D8 /* LaunchScreen.storyboard in Resources */,
				D58B4F341FC282AB002F05D8 /* Assets.xcassets in Resources */,
				D58B4F321FC282AB002F05D8 /* Main.storyboard in Resources */,
				D5D67C681FC283F70071218D /* GoogleService-Info.plist in Resources */,
			);
			runOnlyForDeploymentPostprocessing = 0;
		};
/* End PBXResourcesBuildPhase section */

/* Begin PBXShellScriptBuildPhase section */
		652257CE8D88AE319197914F /* [CP] Embed Pods Frameworks */ = {
			isa = PBXShellScriptBuildPhase;
			buildActionMask = 2147483647;
			files = (
			);
			inputPaths = (
				"${SRCROOT}/Pods/Target Support Files/Pods-Onstagram/Pods-Onstagram-frameworks.sh",
				"${BUILT_PRODUCTS_DIR}/GTMSessionFetcher/GTMSessionFetcher.framework",
				"${BUILT_PRODUCTS_DIR}/GoogleToolboxForMac/GoogleToolboxForMac.framework",
				"${BUILT_PRODUCTS_DIR}/leveldb-library/leveldb.framework",
				"${BUILT_PRODUCTS_DIR}/nanopb/nanopb.framework",
			);
			name = "[CP] Embed Pods Frameworks";
			outputPaths = (
				"${TARGET_BUILD_DIR}/${FRAMEWORKS_FOLDER_PATH}/GTMSessionFetcher.framework",
				"${TARGET_BUILD_DIR}/${FRAMEWORKS_FOLDER_PATH}/GoogleToolboxForMac.framework",
				"${TARGET_BUILD_DIR}/${FRAMEWORKS_FOLDER_PATH}/leveldb.framework",
				"${TARGET_BUILD_DIR}/${FRAMEWORKS_FOLDER_PATH}/nanopb.framework",
			);
			runOnlyForDeploymentPostprocessing = 0;
			shellPath = /bin/sh;
			shellScript = "\"${SRCROOT}/Pods/Target Support Files/Pods-Onstagram/Pods-Onstagram-frameworks.sh\"\n";
			showEnvVarsInLog = 0;
		};
		B0E4CD830F0CD27F97723DE6 /* [CP] Copy Pods Resources */ = {
			isa = PBXShellScriptBuildPhase;
			buildActionMask = 2147483647;
			files = (
			);
			inputPaths = (
			);
			name = "[CP] Copy Pods Resources";
			outputPaths = (
			);
			runOnlyForDeploymentPostprocessing = 0;
			shellPath = /bin/sh;
			shellScript = "\"${SRCROOT}/Pods/Target Support Files/Pods-Onstagram/Pods-Onstagram-resources.sh\"\n";
			showEnvVarsInLog = 0;
		};
		F4CBD4FD578C7D915E82D460 /* [CP] Check Pods Manifest.lock */ = {
			isa = PBXShellScriptBuildPhase;
			buildActionMask = 2147483647;
			files = (
			);
			inputPaths = (
				"${PODS_PODFILE_DIR_PATH}/Podfile.lock",
				"${PODS_ROOT}/Manifest.lock",
			);
			name = "[CP] Check Pods Manifest.lock";
			outputPaths = (
				"$(DERIVED_FILE_DIR)/Pods-Onstagram-checkManifestLockResult.txt",
			);
			runOnlyForDeploymentPostprocessing = 0;
			shellPath = /bin/sh;
			shellScript = "diff \"${PODS_PODFILE_DIR_PATH}/Podfile.lock\" \"${PODS_ROOT}/Manifest.lock\" > /dev/null\nif [ $? != 0 ] ; then\n    # print error to STDERR\n    echo \"error: The sandbox is not in sync with the Podfile.lock. Run 'pod install' or update your CocoaPods installation.\" >&2\n    exit 1\nfi\n# This output is used by Xcode 'outputs' to avoid re-running this script phase.\necho \"SUCCESS\" > \"${SCRIPT_OUTPUT_FILE_0}\"\n";
			showEnvVarsInLog = 0;
		};
/* End PBXShellScriptBuildPhase section */

/* Begin PBXSourcesBuildPhase section */
		D58B4F251FC282AB002F05D8 /* Sources */ = {
			isa = PBXSourcesBuildPhase;
			buildActionMask = 2147483647;
			files = (
				D59B4ABA1FC285D800B5CF70 /* SignupVC.swift in Sources */,
				D58BA59A1FC2A56D009D5F5E /* LoginVC.swift in Sources */,
				D58BA5981FC29A00009D5F5E /* DataCenter.swift in Sources */,
				D58B4F2F1FC282AB002F05D8 /* MainVC.swift in Sources */,
				D58B4F2D1FC282AB002F05D8 /* AppDelegate.swift in Sources */,
			);
			runOnlyForDeploymentPostprocessing = 0;
		};
/* End PBXSourcesBuildPhase section */

/* Begin PBXVariantGroup section */
		D58B4F301FC282AB002F05D8 /* Main.storyboard */ = {
			isa = PBXVariantGroup;
			children = (
				D58B4F311FC282AB002F05D8 /* Base */,
			);
			name = Main.storyboard;
			sourceTree = "<group>";
		};
		D58B4F351FC282AB002F05D8 /* LaunchScreen.storyboard */ = {
			isa = PBXVariantGroup;
			children = (
				D58B4F361FC282AB002F05D8 /* Base */,
			);
			name = LaunchScreen.storyboard;
			sourceTree = "<group>";
		};
/* End PBXVariantGroup section */

/* Begin XCBuildConfiguration section */
		D58B4F4F1FC282AB002F05D8 /* Debug */ = {
			isa = XCBuildConfiguration;
			buildSettings = {
				ALWAYS_SEARCH_USER_PATHS = NO;
				CLANG_ANALYZER_NONNULL = YES;
				CLANG_ANALYZER_NUMBER_OBJECT_CONVERSION = YES_AGGRESSIVE;
				CLANG_CXX_LANGUAGE_STANDARD = "gnu++14";
				CLANG_CXX_LIBRARY = "libc++";
				CLANG_ENABLE_MODULES = YES;
				CLANG_ENABLE_OBJC_ARC = YES;
				CLANG_WARN_BLOCK_CAPTURE_AUTORELEASING = YES;
				CLANG_WARN_BOOL_CONVERSION = YES;
				CLANG_WARN_COMMA = YES;
				CLANG_WARN_CONSTANT_CONVERSION = YES;
				CLANG_WARN_DIRECT_OBJC_ISA_USAGE = YES_ERROR;
				CLANG_WARN_DOCUMENTATION_COMMENTS = YES;
				CLANG_WARN_EMPTY_BODY = YES;
				CLANG_WARN_ENUM_CONVERSION = YES;
				CLANG_WARN_INFINITE_RECURSION = YES;
				CLANG_WARN_INT_CONVERSION = YES;
				CLANG_WARN_NON_LITERAL_NULL_CONVERSION = YES;
				CLANG_WARN_OBJC_LITERAL_CONVERSION = YES;
				CLANG_WARN_OBJC_ROOT_CLASS = YES_ERROR;
				CLANG_WARN_RANGE_LOOP_ANALYSIS = YES;
				CLANG_WARN_STRICT_PROTOTYPES = YES;
				CLANG_WARN_SUSPICIOUS_MOVE = YES;
				CLANG_WARN_UNGUARDED_AVAILABILITY = YES_AGGRESSIVE;
				CLANG_WARN_UNREACHABLE_CODE = YES;
				CLANG_WARN__DUPLICATE_METHOD_MATCH = YES;
				CODE_SIGN_IDENTITY = "iPhone Developer";
				COPY_PHASE_STRIP = NO;
				DEBUG_INFORMATION_FORMAT = dwarf;
				ENABLE_STRICT_OBJC_MSGSEND = YES;
				ENABLE_TESTABILITY = YES;
				GCC_C_LANGUAGE_STANDARD = gnu11;
				GCC_DYNAMIC_NO_PIC = NO;
				GCC_NO_COMMON_BLOCKS = YES;
				GCC_OPTIMIZATION_LEVEL = 0;
				GCC_PREPROCESSOR_DEFINITIONS = (
					"DEBUG=1",
					"$(inherited)",
				);
				GCC_WARN_64_TO_32_BIT_CONVERSION = YES;
				GCC_WARN_ABOUT_RETURN_TYPE = YES_ERROR;
				GCC_WARN_UNDECLARED_SELECTOR = YES;
				GCC_WARN_UNINITIALIZED_AUTOS = YES_AGGRESSIVE;
				GCC_WARN_UNUSED_FUNCTION = YES;
				GCC_WARN_UNUSED_VARIABLE = YES;
				IPHONEOS_DEPLOYMENT_TARGET = 11.1;
				MTL_ENABLE_DEBUG_INFO = YES;
				ONLY_ACTIVE_ARCH = YES;
				SDKROOT = iphoneos;
				SWIFT_ACTIVE_COMPILATION_CONDITIONS = DEBUG;
				SWIFT_OPTIMIZATION_LEVEL = "-Onone";
			};
			name = Debug;
		};
		D58B4F501FC282AB002F05D8 /* Release */ = {
			isa = XCBuildConfiguration;
			buildSettings = {
				ALWAYS_SEARCH_USER_PATHS = NO;
				CLANG_ANALYZER_NONNULL = YES;
				CLANG_ANALYZER_NUMBER_OBJECT_CONVERSION = YES_AGGRESSIVE;
				CLANG_CXX_LANGUAGE_STANDARD = "gnu++14";
				CLANG_CXX_LIBRARY = "libc++";
				CLANG_ENABLE_MODULES = YES;
				CLANG_ENABLE_OBJC_ARC = YES;
				CLANG_WARN_BLOCK_CAPTURE_AUTORELEASING = YES;
				CLANG_WARN_BOOL_CONVERSION = YES;
				CLANG_WARN_COMMA = YES;
				CLANG_WARN_CONSTANT_CONVERSION = YES;
				CLANG_WARN_DIRECT_OBJC_ISA_USAGE = YES_ERROR;
				CLANG_WARN_DOCUMENTATION_COMMENTS = YES;
				CLANG_WARN_EMPTY_BODY = YES;
				CLANG_WARN_ENUM_CONVERSION = YES;
				CLANG_WARN_INFINITE_RECURSION = YES;
				CLANG_WARN_INT_CONVERSION = YES;
				CLANG_WARN_NON_LITERAL_NULL_CONVERSION = YES;
				CLANG_WARN_OBJC_LITERAL_CONVERSION = YES;
				CLANG_WARN_OBJC_ROOT_CLASS = YES_ERROR;
				CLANG_WARN_RANGE_LOOP_ANALYSIS = YES;
				CLANG_WARN_STRICT_PROTOTYPES = YES;
				CLANG_WARN_SUSPICIOUS_MOVE = YES;
				CLANG_WARN_UNGUARDED_AVAILABILITY = YES_AGGRESSIVE;
				CLANG_WARN_UNREACHABLE_CODE = YES;
				CLANG_WARN__DUPLICATE_METHOD_MATCH = YES;
				CODE_SIGN_IDENTITY = "iPhone Developer";
				COPY_PHASE_STRIP = NO;
				DEBUG_INFORMATION_FORMAT = "dwarf-with-dsym";
				ENABLE_NS_ASSERTIONS = NO;
				ENABLE_STRICT_OBJC_MSGSEND = YES;
				GCC_C_LANGUAGE_STANDARD = gnu11;
				GCC_NO_COMMON_BLOCKS = YES;
				GCC_WARN_64_TO_32_BIT_CONVERSION = YES;
				GCC_WARN_ABOUT_RETURN_TYPE = YES_ERROR;
				GCC_WARN_UNDECLARED_SELECTOR = YES;
				GCC_WARN_UNINITIALIZED_AUTOS = YES_AGGRESSIVE;
				GCC_WARN_UNUSED_FUNCTION = YES;
				GCC_WARN_UNUSED_VARIABLE = YES;
				IPHONEOS_DEPLOYMENT_TARGET = 11.1;
				MTL_ENABLE_DEBUG_INFO = NO;
				SDKROOT = iphoneos;
				SWIFT_OPTIMIZATION_LEVEL = "-Owholemodule";
				VALIDATE_PRODUCT = YES;
			};
			name = Release;
		};
		D58B4F521FC282AB002F05D8 /* Debug */ = {
			isa = XCBuildConfiguration;
			baseConfigurationReference = 331C452E1D3C35ED7CBC2146 /* Pods-Onstagram.debug.xcconfig */;
			buildSettings = {
				ASSETCATALOG_COMPILER_APPICON_NAME = AppIcon;
				CODE_SIGN_STYLE = Automatic;
				INFOPLIST_FILE = "$(SRCROOT)/Onstagram/Resources/Info.plist";
				IPHONEOS_DEPLOYMENT_TARGET = 10.0;
				LD_RUNPATH_SEARCH_PATHS = "$(inherited) @executable_path/Frameworks";
				PRODUCT_BUNDLE_IDENTIFIER = none.Onstagram;
				PRODUCT_NAME = "$(TARGET_NAME)";
				SWIFT_VERSION = 4.0;
				TARGETED_DEVICE_FAMILY = "1,2";
			};
			name = Debug;
		};
		D58B4F531FC282AB002F05D8 /* Release */ = {
			isa = XCBuildConfiguration;
			baseConfigurationReference = 516F5F204603E537D3B1182D /* Pods-Onstagram.release.xcconfig */;
			buildSettings = {
				ASSETCATALOG_COMPILER_APPICON_NAME = AppIcon;
				CODE_SIGN_STYLE = Automatic;
				INFOPLIST_FILE = "$(SRCROOT)/Onstagram/Resources/Info.plist";
				IPHONEOS_DEPLOYMENT_TARGET = 10.0;
				LD_RUNPATH_SEARCH_PATHS = "$(inherited) @executable_path/Frameworks";
				PRODUCT_BUNDLE_IDENTIFIER = none.Onstagram;
				PRODUCT_NAME = "$(TARGET_NAME)";
				SWIFT_VERSION = 4.0;
				TARGETED_DEVICE_FAMILY = "1,2";
			};
			name = Release;
		};
/* End XCBuildConfiguration section */

/* Begin XCConfigurationList section */
		D58B4F241FC282AB002F05D8 /* Build configuration list for PBXProject "Onstagram" */ = {
			isa = XCConfigurationList;
			buildConfigurations = (
				D58B4F4F1FC282AB002F05D8 /* Debug */,
				D58B4F501FC282AB002F05D8 /* Release */,
			);
			defaultConfigurationIsVisible = 0;
			defaultConfigurationName = Release;
		};
		D58B4F511FC282AB002F05D8 /* Build configuration list for PBXNativeTarget "Onstagram" */ = {
			isa = XCConfigurationList;
			buildConfigurations = (
				D58B4F521FC282AB002F05D8 /* Debug */,
				D58B4F531FC282AB002F05D8 /* Release */,
			);
			defaultConfigurationIsVisible = 0;
			defaultConfigurationName = Release;
		};
/* End XCConfigurationList section */
	};
	rootObject = D58B4F211FC282AB002F05D8 /* Project object */;
}
