// !$*UTF8*$!
{
	archiveVersion = 1;
	classes = {
	};
	objectVersion = 48;
	objects = {

/* Begin PBXBuildFile section */
		4B06885D1FC3791F004C121A /* AppDelegate.swift in Sources */ = {isa = PBXBuildFile; fileRef = 4B06885C1FC3791F004C121A /* AppDelegate.swift */; };
		4B0688621FC3791F004C121A /* Main.storyboard in Resources */ = {isa = PBXBuildFile; fileRef = 4B0688601FC3791F004C121A /* Main.storyboard */; };
		4B0688641FC3791F004C121A /* Assets.xcassets in Resources */ = {isa = PBXBuildFile; fileRef = 4B0688631FC3791F004C121A /* Assets.xcassets */; };
		4B0688671FC3791F004C121A /* LaunchScreen.storyboard in Resources */ = {isa = PBXBuildFile; fileRef = 4B0688651FC3791F004C121A /* LaunchScreen.storyboard */; };
		4B5F76A51FC37AA0002CA676 /* ImagePickerVC.swift in Sources */ = {isa = PBXBuildFile; fileRef = 4B5F76A11FC37A9F002CA676 /* ImagePickerVC.swift */; };
		4B5F76A61FC37AA0002CA676 /* SignupVC.swift in Sources */ = {isa = PBXBuildFile; fileRef = 4B5F76A21FC37AA0002CA676 /* SignupVC.swift */; };
		4B5F76A71FC37AA0002CA676 /* MainVC.swift in Sources */ = {isa = PBXBuildFile; fileRef = 4B5F76A31FC37AA0002CA676 /* MainVC.swift */; };
		4B5F76A81FC37AA0002CA676 /* LoginVC.swift in Sources */ = {isa = PBXBuildFile; fileRef = 4B5F76A41FC37AA0002CA676 /* LoginVC.swift */; };
		4B5F76AB1FC37ABE002CA676 /* PhotoCell.swift in Sources */ = {isa = PBXBuildFile; fileRef = 4B5F76AA1FC37ABE002CA676 /* PhotoCell.swift */; };
		4B5F76B01FC37B51002CA676 /* DataCenter.swift in Sources */ = {isa = PBXBuildFile; fileRef = 4B5F76AF1FC37B51002CA676 /* DataCenter.swift */; };
		4B5F76B31FC37B95002CA676 /* GoogleService-Info.plist in Resources */ = {isa = PBXBuildFile; fileRef = 4B5F76B21FC37B95002CA676 /* GoogleService-Info.plist */; };
		4B9753EA1FC4597B003EE0CB /* PostVC.swift in Sources */ = {isa = PBXBuildFile; fileRef = 4B9753E91FC4597B003EE0CB /* PostVC.swift */; };
		4B9753EC1FC45BA6003EE0CB /* PostModel.swift in Sources */ = {isa = PBXBuildFile; fileRef = 4B9753EB1FC45BA6003EE0CB /* PostModel.swift */; };
		4B9753EE1FC45BC2003EE0CB /* UserModel.swift in Sources */ = {isa = PBXBuildFile; fileRef = 4B9753ED1FC45BC2003EE0CB /* UserModel.swift */; };
		621A27DA1FC54D54004A819A /* OSViewController.swift in Sources */ = {isa = PBXBuildFile; fileRef = 621A27D91FC54D54004A819A /* OSViewController.swift */; };
		87B36A922A609A48B6D59BF8 /* Pods_Onstagram.framework in Frameworks */ = {isa = PBXBuildFile; fileRef = 701850EDFC15A5A86FC89687 /* Pods_Onstagram.framework */; };
		DD0740611FC5631700B274E2 /* PostCell.swift in Sources */ = {isa = PBXBuildFile; fileRef = DD0740601FC5631700B274E2 /* PostCell.swift */; };
		DD0740631FC5633D00B274E2 /* PostCell.xib in Resources */ = {isa = PBXBuildFile; fileRef = DD0740621FC5633D00B274E2 /* PostCell.xib */; };
		DDF575731FC3BBA0004393D0 /* MainTabVC.swift in Sources */ = {isa = PBXBuildFile; fileRef = DDF575721FC3BBA0004393D0 /* MainTabVC.swift */; };
		DDF575751FC3C05A004393D0 /* SettingVC.swift in Sources */ = {isa = PBXBuildFile; fileRef = DDF575741FC3C05A004393D0 /* SettingVC.swift */; };
/* End PBXBuildFile section */

/* Begin PBXFileReference section */
		47539A005913F23FAC5B8E8D /* Pods-Onstagram.debug.xcconfig */ = {isa = PBXFileReference; includeInIndex = 1; lastKnownFileType = text.xcconfig; name = "Pods-Onstagram.debug.xcconfig"; path = "Pods/Target Support Files/Pods-Onstagram/Pods-Onstagram.debug.xcconfig"; sourceTree = "<group>"; };
		4B0688591FC3791F004C121A /* Onstagram.app */ = {isa = PBXFileReference; explicitFileType = wrapper.application; includeInIndex = 0; path = Onstagram.app; sourceTree = BUILT_PRODUCTS_DIR; };
		4B06885C1FC3791F004C121A /* AppDelegate.swift */ = {isa = PBXFileReference; lastKnownFileType = sourcecode.swift; path = AppDelegate.swift; sourceTree = "<group>"; };
		4B0688611FC3791F004C121A /* Base */ = {isa = PBXFileReference; lastKnownFileType = file.storyboard; name = Base; path = Base.lproj/Main.storyboard; sourceTree = "<group>"; };
		4B0688631FC3791F004C121A /* Assets.xcassets */ = {isa = PBXFileReference; lastKnownFileType = folder.assetcatalog; path = Assets.xcassets; sourceTree = "<group>"; };
		4B0688661FC3791F004C121A /* Base */ = {isa = PBXFileReference; lastKnownFileType = file.storyboard; name = Base; path = Base.lproj/LaunchScreen.storyboard; sourceTree = "<group>"; };
		4B0688681FC3791F004C121A /* Info.plist */ = {isa = PBXFileReference; lastKnownFileType = text.plist.xml; path = Info.plist; sourceTree = "<group>"; };
		4B5F76A11FC37A9F002CA676 /* ImagePickerVC.swift */ = {isa = PBXFileReference; fileEncoding = 4; lastKnownFileType = sourcecode.swift; path = ImagePickerVC.swift; sourceTree = "<group>"; };
		4B5F76A21FC37AA0002CA676 /* SignupVC.swift */ = {isa = PBXFileReference; fileEncoding = 4; lastKnownFileType = sourcecode.swift; path = SignupVC.swift; sourceTree = "<group>"; };
		4B5F76A31FC37AA0002CA676 /* MainVC.swift */ = {isa = PBXFileReference; fileEncoding = 4; lastKnownFileType = sourcecode.swift; path = MainVC.swift; sourceTree = "<group>"; };
		4B5F76A41FC37AA0002CA676 /* LoginVC.swift */ = {isa = PBXFileReference; fileEncoding = 4; lastKnownFileType = sourcecode.swift; path = LoginVC.swift; sourceTree = "<group>"; };
		4B5F76AA1FC37ABE002CA676 /* PhotoCell.swift */ = {isa = PBXFileReference; fileEncoding = 4; lastKnownFileType = sourcecode.swift; path = PhotoCell.swift; sourceTree = "<group>"; };
		4B5F76AF1FC37B51002CA676 /* DataCenter.swift */ = {isa = PBXFileReference; lastKnownFileType = sourcecode.swift; path = DataCenter.swift; sourceTree = "<group>"; };
		4B5F76B21FC37B95002CA676 /* GoogleService-Info.plist */ = {isa = PBXFileReference; fileEncoding = 4; lastKnownFileType = text.plist.xml; path = "GoogleService-Info.plist"; sourceTree = "<group>"; };
		4B9753E91FC4597B003EE0CB /* PostVC.swift */ = {isa = PBXFileReference; lastKnownFileType = sourcecode.swift; path = PostVC.swift; sourceTree = "<group>"; };
		4B9753EB1FC45BA6003EE0CB /* PostModel.swift */ = {isa = PBXFileReference; lastKnownFileType = sourcecode.swift; path = PostModel.swift; sourceTree = "<group>"; };
		4B9753ED1FC45BC2003EE0CB /* UserModel.swift */ = {isa = PBXFileReference; lastKnownFileType = sourcecode.swift; path = UserModel.swift; sourceTree = "<group>"; };
		621A27D91FC54D54004A819A /* OSViewController.swift */ = {isa = PBXFileReference; lastKnownFileType = sourcecode.swift; path = OSViewController.swift; sourceTree = "<group>"; };
		701850EDFC15A5A86FC89687 /* Pods_Onstagram.framework */ = {isa = PBXFileReference; explicitFileType = wrapper.framework; includeInIndex = 0; path = Pods_Onstagram.framework; sourceTree = BUILT_PRODUCTS_DIR; };
		DD0740601FC5631700B274E2 /* PostCell.swift */ = {isa = PBXFileReference; lastKnownFileType = sourcecode.swift; path = PostCell.swift; sourceTree = "<group>"; };
		DD0740621FC5633D00B274E2 /* PostCell.xib */ = {isa = PBXFileReference; lastKnownFileType = file.xib; path = PostCell.xib; sourceTree = "<group>"; };
		DDF575721FC3BBA0004393D0 /* MainTabVC.swift */ = {isa = PBXFileReference; lastKnownFileType = sourcecode.swift; path = MainTabVC.swift; sourceTree = "<group>"; };
		DDF575741FC3C05A004393D0 /* SettingVC.swift */ = {isa = PBXFileReference; lastKnownFileType = sourcecode.swift; path = SettingVC.swift; sourceTree = "<group>"; };
		E3CBE3BDC4BA94BBA236BD03 /* Pods-Onstagram.release.xcconfig */ = {isa = PBXFileReference; includeInIndex = 1; lastKnownFileType = text.xcconfig; name = "Pods-Onstagram.release.xcconfig"; path = "Pods/Target Support Files/Pods-Onstagram/Pods-Onstagram.release.xcconfig"; sourceTree = "<group>"; };
/* End PBXFileReference section */

/* Begin PBXFrameworksBuildPhase section */
		4B0688561FC3791F004C121A /* Frameworks */ = {
			isa = PBXFrameworksBuildPhase;
			buildActionMask = 2147483647;
			files = (
				87B36A922A609A48B6D59BF8 /* Pods_Onstagram.framework in Frameworks */,
			);
			runOnlyForDeploymentPostprocessing = 0;
		};
/* End PBXFrameworksBuildPhase section */

/* Begin PBXGroup section */
		4B0688501FC3791F004C121A = {
			isa = PBXGroup;
			children = (
				4B06885B1FC3791F004C121A /* Onstagram */,
				4B06885A1FC3791F004C121A /* Products */,
				7D1B6CB766C2661EDBB3ADF1 /* Pods */,
				81DC1E2AB8F3AE1EF3AD5FEE /* Frameworks */,
			);
			sourceTree = "<group>";
		};
		4B06885A1FC3791F004C121A /* Products */ = {
			isa = PBXGroup;
			children = (
				4B0688591FC3791F004C121A /* Onstagram.app */,
			);
			name = Products;
			sourceTree = "<group>";
		};
		4B06885B1FC3791F004C121A /* Onstagram */ = {
			isa = PBXGroup;
			children = (
				4B5F76A01FC37A8E002CA676 /* Resources */,
				4B5F76B11FC37B5D002CA676 /* Model */,
				4B5F76A91FC37AB1002CA676 /* Controllers */,
				4B5F76AC1FC37AC2002CA676 /* ImagePicker */,
				4B9753EF1FC45D17003EE0CB /* LoginFlow */,
				4B0688601FC3791F004C121A /* Main.storyboard */,
				4B5F76B21FC37B95002CA676 /* GoogleService-Info.plist */,
				4B0688681FC3791F004C121A /* Info.plist */,
			);
			path = Onstagram;
			sourceTree = "<group>";
		};
		4B5F76A01FC37A8E002CA676 /* Resources */ = {
			isa = PBXGroup;
			children = (
				4B06885C1FC3791F004C121A /* AppDelegate.swift */,
				4B0688651FC3791F004C121A /* LaunchScreen.storyboard */,
				4B0688631FC3791F004C121A /* Assets.xcassets */,
			);
			path = Resources;
			sourceTree = "<group>";
		};
		4B5F76A91FC37AB1002CA676 /* Controllers */ = {
			isa = PBXGroup;
			children = (
				DDF575721FC3BBA0004393D0 /* MainTabVC.swift */,
				4B5F76A31FC37AA0002CA676 /* MainVC.swift */,
				4B9753E91FC4597B003EE0CB /* PostVC.swift */,
			);
			path = Controllers;
			sourceTree = "<group>";
		};
		4B5F76AC1FC37AC2002CA676 /* ImagePicker */ = {
			isa = PBXGroup;
			children = (
				4B5F76A11FC37A9F002CA676 /* ImagePickerVC.swift */,
				4B5F76AA1FC37ABE002CA676 /* PhotoCell.swift */,
			);
			path = ImagePicker;
			sourceTree = "<group>";
		};
		4B5F76B11FC37B5D002CA676 /* Model */ = {
			isa = PBXGroup;
			children = (
				4B5F76AF1FC37B51002CA676 /* DataCenter.swift */,
				621A27D91FC54D54004A819A /* OSViewController.swift */,
				4B9753ED1FC45BC2003EE0CB /* UserModel.swift */,
				4B9753EB1FC45BA6003EE0CB /* PostModel.swift */,
				DD0740601FC5631700B274E2 /* PostCell.swift */,
				DD0740621FC5633D00B274E2 /* PostCell.xib */,
			);
			path = Model;
			sourceTree = "<group>";
		};
		4B9753EF1FC45D17003EE0CB /* LoginFlow */ = {
			isa = PBXGroup;
			children = (
				4B5F76A41FC37AA0002CA676 /* LoginVC.swift */,
				4B5F76A21FC37AA0002CA676 /* SignupVC.swift */,
				DDF575741FC3C05A004393D0 /* SettingVC.swift */,
			);
			path = LoginFlow;
			sourceTree = "<group>";
		};
		7D1B6CB766C2661EDBB3ADF1 /* Pods */ = {
			isa = PBXGroup;
			children = (
				47539A005913F23FAC5B8E8D /* Pods-Onstagram.debug.xcconfig */,
				E3CBE3BDC4BA94BBA236BD03 /* Pods-Onstagram.release.xcconfig */,
			);
			name = Pods;
			sourceTree = "<group>";
		};
		81DC1E2AB8F3AE1EF3AD5FEE /* Frameworks */ = {
			isa = PBXGroup;
			children = (
				701850EDFC15A5A86FC89687 /* Pods_Onstagram.framework */,
			);
			name = Frameworks;
			sourceTree = "<group>";
		};
/* End PBXGroup section */

/* Begin PBXNativeTarget section */
		4B0688581FC3791F004C121A /* Onstagram */ = {
			isa = PBXNativeTarget;
			buildConfigurationList = 4B06886B1FC3791F004C121A /* Build configuration list for PBXNativeTarget "Onstagram" */;
			buildPhases = (
				B837923B078BCACA91D7F52A /* [CP] Check Pods Manifest.lock */,
				4B0688551FC3791F004C121A /* Sources */,
				4B0688561FC3791F004C121A /* Frameworks */,
				4B0688571FC3791F004C121A /* Resources */,
				E463DECF7CC5036D30C3073C /* [CP] Embed Pods Frameworks */,
				52E8C4E802E5BBADBC0EEAB8 /* [CP] Copy Pods Resources */,
			);
			buildRules = (
			);
			dependencies = (
			);
			name = Onstagram;
			productName = Onstagram;
			productReference = 4B0688591FC3791F004C121A /* Onstagram.app */;
			productType = "com.apple.product-type.application";
		};
/* End PBXNativeTarget section */

/* Begin PBXProject section */
		4B0688511FC3791F004C121A /* Project object */ = {
			isa = PBXProject;
			attributes = {
				LastSwiftUpdateCheck = 0910;
				LastUpgradeCheck = 0910;
				ORGANIZATIONNAME = yunari.me;
				TargetAttributes = {
					4B0688581FC3791F004C121A = {
						CreatedOnToolsVersion = 9.1;
						ProvisioningStyle = Automatic;
					};
				};
			};
			buildConfigurationList = 4B0688541FC3791F004C121A /* Build configuration list for PBXProject "Onstagram" */;
			compatibilityVersion = "Xcode 8.0";
			developmentRegion = en;
			hasScannedForEncodings = 0;
			knownRegions = (
				en,
				Base,
			);
			mainGroup = 4B0688501FC3791F004C121A;
			productRefGroup = 4B06885A1FC3791F004C121A /* Products */;
			projectDirPath = "";
			projectRoot = "";
			targets = (
				4B0688581FC3791F004C121A /* Onstagram */,
			);
		};
/* End PBXProject section */

/* Begin PBXResourcesBuildPhase section */
		4B0688571FC3791F004C121A /* Resources */ = {
			isa = PBXResourcesBuildPhase;
			buildActionMask = 2147483647;
			files = (
				4B0688671FC3791F004C121A /* LaunchScreen.storyboard in Resources */,
				4B5F76B31FC37B95002CA676 /* GoogleService-Info.plist in Resources */,
				DD0740631FC5633D00B274E2 /* PostCell.xib in Resources */,
				4B0688641FC3791F004C121A /* Assets.xcassets in Resources */,
				4B0688621FC3791F004C121A /* Main.storyboard in Resources */,
			);
			runOnlyForDeploymentPostprocessing = 0;
		};
/* End PBXResourcesBuildPhase section */

/* Begin PBXShellScriptBuildPhase section */
		52E8C4E802E5BBADBC0EEAB8 /* [CP] Copy Pods Resources */ = {
			isa = PBXShellScriptBuildPhase;
			buildActionMask = 2147483647;
			files = (
			);
			inputPaths = (
			);
			name = "[CP] Copy Pods Resources";
			outputPaths = (
			);
			runOnlyForDeploymentPostprocessing = 0;
			shellPath = /bin/sh;
			shellScript = "\"${SRCROOT}/Pods/Target Support Files/Pods-Onstagram/Pods-Onstagram-resources.sh\"\n";
			showEnvVarsInLog = 0;
		};
		B837923B078BCACA91D7F52A /* [CP] Check Pods Manifest.lock */ = {
			isa = PBXShellScriptBuildPhase;
			buildActionMask = 2147483647;
			files = (
			);
			inputPaths = (
				"${PODS_PODFILE_DIR_PATH}/Podfile.lock",
				"${PODS_ROOT}/Manifest.lock",
			);
			name = "[CP] Check Pods Manifest.lock";
			outputPaths = (
				"$(DERIVED_FILE_DIR)/Pods-Onstagram-checkManifestLockResult.txt",
			);
			runOnlyForDeploymentPostprocessing = 0;
			shellPath = /bin/sh;
			shellScript = "diff \"${PODS_PODFILE_DIR_PATH}/Podfile.lock\" \"${PODS_ROOT}/Manifest.lock\" > /dev/null\nif [ $? != 0 ] ; then\n    # print error to STDERR\n    echo \"error: The sandbox is not in sync with the Podfile.lock. Run 'pod install' or update your CocoaPods installation.\" >&2\n    exit 1\nfi\n# This output is used by Xcode 'outputs' to avoid re-running this script phase.\necho \"SUCCESS\" > \"${SCRIPT_OUTPUT_FILE_0}\"\n";
			showEnvVarsInLog = 0;
		};
		E463DECF7CC5036D30C3073C /* [CP] Embed Pods Frameworks */ = {
			isa = PBXShellScriptBuildPhase;
			buildActionMask = 2147483647;
			files = (
			);
			inputPaths = (
				"${SRCROOT}/Pods/Target Support Files/Pods-Onstagram/Pods-Onstagram-frameworks.sh",
				"${BUILT_PRODUCTS_DIR}/GTMSessionFetcher/GTMSessionFetcher.framework",
				"${BUILT_PRODUCTS_DIR}/GoogleToolboxForMac/GoogleToolboxForMac.framework",
				"${BUILT_PRODUCTS_DIR}/leveldb-library/leveldb.framework",
				"${BUILT_PRODUCTS_DIR}/nanopb/nanopb.framework",
			);
			name = "[CP] Embed Pods Frameworks";
			outputPaths = (
				"${TARGET_BUILD_DIR}/${FRAMEWORKS_FOLDER_PATH}/GTMSessionFetcher.framework",
				"${TARGET_BUILD_DIR}/${FRAMEWORKS_FOLDER_PATH}/GoogleToolboxForMac.framework",
				"${TARGET_BUILD_DIR}/${FRAMEWORKS_FOLDER_PATH}/leveldb.framework",
				"${TARGET_BUILD_DIR}/${FRAMEWORKS_FOLDER_PATH}/nanopb.framework",
			);
			runOnlyForDeploymentPostprocessing = 0;
			shellPath = /bin/sh;
			shellScript = "\"${SRCROOT}/Pods/Target Support Files/Pods-Onstagram/Pods-Onstagram-frameworks.sh\"\n";
			showEnvVarsInLog = 0;
		};
/* End PBXShellScriptBuildPhase section */

/* Begin PBXSourcesBuildPhase section */
		4B0688551FC3791F004C121A /* Sources */ = {
			isa = PBXSourcesBuildPhase;
			buildActionMask = 2147483647;
			files = (
				4B5F76A61FC37AA0002CA676 /* SignupVC.swift in Sources */,
				DDF575751FC3C05A004393D0 /* SettingVC.swift in Sources */,
				621A27DA1FC54D54004A819A /* OSViewController.swift in Sources */,
				4B5F76A71FC37AA0002CA676 /* MainVC.swift in Sources */,
				4B5F76A81FC37AA0002CA676 /* LoginVC.swift in Sources */,
				4B9753EA1FC4597B003EE0CB /* PostVC.swift in Sources */,
				4B5F76B01FC37B51002CA676 /* DataCenter.swift in Sources */,
				DD0740611FC5631700B274E2 /* PostCell.swift in Sources */,
				4B06885D1FC3791F004C121A /* AppDelegate.swift in Sources */,
				4B5F76AB1FC37ABE002CA676 /* PhotoCell.swift in Sources */,
				4B5F76A51FC37AA0002CA676 /* ImagePickerVC.swift in Sources */,
				DDF575731FC3BBA0004393D0 /* MainTabVC.swift in Sources */,
				4B9753EE1FC45BC2003EE0CB /* UserModel.swift in Sources */,
				4B9753EC1FC45BA6003EE0CB /* PostModel.swift in Sources */,
			);
			runOnlyForDeploymentPostprocessing = 0;
		};
/* End PBXSourcesBuildPhase section */

/* Begin PBXVariantGroup section */
		4B0688601FC3791F004C121A /* Main.storyboard */ = {
			isa = PBXVariantGroup;
			children = (
				4B0688611FC3791F004C121A /* Base */,
			);
			name = Main.storyboard;
			sourceTree = "<group>";
		};
		4B0688651FC3791F004C121A /* LaunchScreen.storyboard */ = {
			isa = PBXVariantGroup;
			children = (
				4B0688661FC3791F004C121A /* Base */,
			);
			name = LaunchScreen.storyboard;
			sourceTree = "<group>";
		};
/* End PBXVariantGroup section */

/* Begin XCBuildConfiguration section */
		4B0688691FC3791F004C121A /* Debug */ = {
			isa = XCBuildConfiguration;
			buildSettings = {
				ALWAYS_SEARCH_USER_PATHS = NO;
				CLANG_ANALYZER_NONNULL = YES;
				CLANG_ANALYZER_NUMBER_OBJECT_CONVERSION = YES_AGGRESSIVE;
				CLANG_CXX_LANGUAGE_STANDARD = "gnu++14";
				CLANG_CXX_LIBRARY = "libc++";
				CLANG_ENABLE_MODULES = YES;
				CLANG_ENABLE_OBJC_ARC = YES;
				CLANG_WARN_BLOCK_CAPTURE_AUTORELEASING = YES;
				CLANG_WARN_BOOL_CONVERSION = YES;
				CLANG_WARN_COMMA = YES;
				CLANG_WARN_CONSTANT_CONVERSION = YES;
				CLANG_WARN_DIRECT_OBJC_ISA_USAGE = YES_ERROR;
				CLANG_WARN_DOCUMENTATION_COMMENTS = YES;
				CLANG_WARN_EMPTY_BODY = YES;
				CLANG_WARN_ENUM_CONVERSION = YES;
				CLANG_WARN_INFINITE_RECURSION = YES;
				CLANG_WARN_INT_CONVERSION = YES;
				CLANG_WARN_NON_LITERAL_NULL_CONVERSION = YES;
				CLANG_WARN_OBJC_LITERAL_CONVERSION = YES;
				CLANG_WARN_OBJC_ROOT_CLASS = YES_ERROR;
				CLANG_WARN_RANGE_LOOP_ANALYSIS = YES;
				CLANG_WARN_STRICT_PROTOTYPES = YES;
				CLANG_WARN_SUSPICIOUS_MOVE = YES;
				CLANG_WARN_UNGUARDED_AVAILABILITY = YES_AGGRESSIVE;
				CLANG_WARN_UNREACHABLE_CODE = YES;
				CLANG_WARN__DUPLICATE_METHOD_MATCH = YES;
				CODE_SIGN_IDENTITY = "iPhone Developer";
				COPY_PHASE_STRIP = NO;
				DEBUG_INFORMATION_FORMAT = dwarf;
				ENABLE_STRICT_OBJC_MSGSEND = YES;
				ENABLE_TESTABILITY = YES;
				GCC_C_LANGUAGE_STANDARD = gnu11;
				GCC_DYNAMIC_NO_PIC = NO;
				GCC_NO_COMMON_BLOCKS = YES;
				GCC_OPTIMIZATION_LEVEL = 0;
				GCC_PREPROCESSOR_DEFINITIONS = (
					"DEBUG=1",
					"$(inherited)",
				);
				GCC_WARN_64_TO_32_BIT_CONVERSION = YES;
				GCC_WARN_ABOUT_RETURN_TYPE = YES_ERROR;
				GCC_WARN_UNDECLARED_SELECTOR = YES;
				GCC_WARN_UNINITIALIZED_AUTOS = YES_AGGRESSIVE;
				GCC_WARN_UNUSED_FUNCTION = YES;
				GCC_WARN_UNUSED_VARIABLE = YES;
				IPHONEOS_DEPLOYMENT_TARGET = 11.1;
				MTL_ENABLE_DEBUG_INFO = YES;
				ONLY_ACTIVE_ARCH = YES;
				SDKROOT = iphoneos;
				SWIFT_ACTIVE_COMPILATION_CONDITIONS = DEBUG;
				SWIFT_OPTIMIZATION_LEVEL = "-Onone";
			};
			name = Debug;
		};
		4B06886A1FC3791F004C121A /* Release */ = {
			isa = XCBuildConfiguration;
			buildSettings = {
				ALWAYS_SEARCH_USER_PATHS = NO;
				CLANG_ANALYZER_NONNULL = YES;
				CLANG_ANALYZER_NUMBER_OBJECT_CONVERSION = YES_AGGRESSIVE;
				CLANG_CXX_LANGUAGE_STANDARD = "gnu++14";
				CLANG_CXX_LIBRARY = "libc++";
				CLANG_ENABLE_MODULES = YES;
				CLANG_ENABLE_OBJC_ARC = YES;
				CLANG_WARN_BLOCK_CAPTURE_AUTORELEASING = YES;
				CLANG_WARN_BOOL_CONVERSION = YES;
				CLANG_WARN_COMMA = YES;
				CLANG_WARN_CONSTANT_CONVERSION = YES;
				CLANG_WARN_DIRECT_OBJC_ISA_USAGE = YES_ERROR;
				CLANG_WARN_DOCUMENTATION_COMMENTS = YES;
				CLANG_WARN_EMPTY_BODY = YES;
				CLANG_WARN_ENUM_CONVERSION = YES;
				CLANG_WARN_INFINITE_RECURSION = YES;
				CLANG_WARN_INT_CONVERSION = YES;
				CLANG_WARN_NON_LITERAL_NULL_CONVERSION = YES;
				CLANG_WARN_OBJC_LITERAL_CONVERSION = YES;
				CLANG_WARN_OBJC_ROOT_CLASS = YES_ERROR;
				CLANG_WARN_RANGE_LOOP_ANALYSIS = YES;
				CLANG_WARN_STRICT_PROTOTYPES = YES;
				CLANG_WARN_SUSPICIOUS_MOVE = YES;
				CLANG_WARN_UNGUARDED_AVAILABILITY = YES_AGGRESSIVE;
				CLANG_WARN_UNREACHABLE_CODE = YES;
				CLANG_WARN__DUPLICATE_METHOD_MATCH = YES;
				CODE_SIGN_IDENTITY = "iPhone Developer";
				COPY_PHASE_STRIP = NO;
				DEBUG_INFORMATION_FORMAT = "dwarf-with-dsym";
				ENABLE_NS_ASSERTIONS = NO;
				ENABLE_STRICT_OBJC_MSGSEND = YES;
				GCC_C_LANGUAGE_STANDARD = gnu11;
				GCC_NO_COMMON_BLOCKS = YES;
				GCC_WARN_64_TO_32_BIT_CONVERSION = YES;
				GCC_WARN_ABOUT_RETURN_TYPE = YES_ERROR;
				GCC_WARN_UNDECLARED_SELECTOR = YES;
				GCC_WARN_UNINITIALIZED_AUTOS = YES_AGGRESSIVE;
				GCC_WARN_UNUSED_FUNCTION = YES;
				GCC_WARN_UNUSED_VARIABLE = YES;
				IPHONEOS_DEPLOYMENT_TARGET = 11.1;
				MTL_ENABLE_DEBUG_INFO = NO;
				SDKROOT = iphoneos;
				SWIFT_OPTIMIZATION_LEVEL = "-Owholemodule";
				VALIDATE_PRODUCT = YES;
			};
			name = Release;
		};
		4B06886C1FC3791F004C121A /* Debug */ = {
			isa = XCBuildConfiguration;
			baseConfigurationReference = 47539A005913F23FAC5B8E8D /* Pods-Onstagram.debug.xcconfig */;
			buildSettings = {
				ASSETCATALOG_COMPILER_APPICON_NAME = AppIcon;
				CODE_SIGN_STYLE = Automatic;
				DEVELOPMENT_TEAM = W6W2L5AWAU;
				INFOPLIST_FILE = Onstagram/Info.plist;
				LD_RUNPATH_SEARCH_PATHS = "$(inherited) @executable_path/Frameworks";
				PRODUCT_BUNDLE_IDENTIFIER = none.Onstagram;
				PRODUCT_NAME = "$(TARGET_NAME)";
				SWIFT_VERSION = 4.0;
				TARGETED_DEVICE_FAMILY = "1,2";
			};
			name = Debug;
		};
		4B06886D1FC3791F004C121A /* Release */ = {
			isa = XCBuildConfiguration;
			baseConfigurationReference = E3CBE3BDC4BA94BBA236BD03 /* Pods-Onstagram.release.xcconfig */;
			buildSettings = {
				ASSETCATALOG_COMPILER_APPICON_NAME = AppIcon;
				CODE_SIGN_STYLE = Automatic;
				DEVELOPMENT_TEAM = W6W2L5AWAU;
				INFOPLIST_FILE = Onstagram/Info.plist;
				LD_RUNPATH_SEARCH_PATHS = "$(inherited) @executable_path/Frameworks";
				PRODUCT_BUNDLE_IDENTIFIER = none.Onstagram;
				PRODUCT_NAME = "$(TARGET_NAME)";
				SWIFT_VERSION = 4.0;
				TARGETED_DEVICE_FAMILY = "1,2";
			};
			name = Release;
		};
/* End XCBuildConfiguration section */

/* Begin XCConfigurationList section */
		4B0688541FC3791F004C121A /* Build configuration list for PBXProject "Onstagram" */ = {
			isa = XCConfigurationList;
			buildConfigurations = (
				4B0688691FC3791F004C121A /* Debug */,
				4B06886A1FC3791F004C121A /* Release */,
			);
			defaultConfigurationIsVisible = 0;
			defaultConfigurationName = Release;
		};
		4B06886B1FC3791F004C121A /* Build configuration list for PBXNativeTarget "Onstagram" */ = {
			isa = XCConfigurationList;
			buildConfigurations = (
				4B06886C1FC3791F004C121A /* Debug */,
				4B06886D1FC3791F004C121A /* Release */,
			);
			defaultConfigurationIsVisible = 0;
			defaultConfigurationName = Release;
		};
/* End XCConfigurationList section */
	};
	rootObject = 4B0688511FC3791F004C121A /* Project object */;
}
