// !$*UTF8*$!
{
	archiveVersion = 1;
	classes = {
	};
	objectVersion = 46;
	objects = {

/* Begin PBXBuildFile section */
		030CCCB21EFD2E1B00E8F1FE /* PostEditViewController.swift in Sources */ = {isa = PBXBuildFile; fileRef = 030CCCB11EFD2E1B00E8F1FE /* PostEditViewController.swift */; };
		030CCCB41EFD309700E8F1FE /* PostEditViewImageCell.swift in Sources */ = {isa = PBXBuildFile; fileRef = 030CCCB31EFD309700E8F1FE /* PostEditViewImageCell.swift */; };
		030CCCB61EFD419900E8F1FE /* PostEditViewTextCell.swift in Sources */ = {isa = PBXBuildFile; fileRef = 030CCCB51EFD419800E8F1FE /* PostEditViewTextCell.swift */; };
		032745471EE815FD009387CA /* Assets.xcassets in Resources */ = {isa = PBXBuildFile; fileRef = 0327453A1EE815FD009387CA /* Assets.xcassets */; };
		032745481EE815FD009387CA /* LaunchScreen.storyboard in Resources */ = {isa = PBXBuildFile; fileRef = 0327453B1EE815FD009387CA /* LaunchScreen.storyboard */; };
		032745491EE815FD009387CA /* AppDelegate.swift in Sources */ = {isa = PBXBuildFile; fileRef = 0327453E1EE815FD009387CA /* AppDelegate.swift */; };
		0327454A1EE815FD009387CA /* Post.swift in Sources */ = {isa = PBXBuildFile; fileRef = 032745401EE815FD009387CA /* Post.swift */; };
		0327454B1EE815FD009387CA /* FeedViewController.swift in Sources */ = {isa = PBXBuildFile; fileRef = 032745421EE815FD009387CA /* FeedViewController.swift */; };
		0327454C1EE815FD009387CA /* PostCardCell.swift in Sources */ = {isa = PBXBuildFile; fileRef = 032745441EE815FD009387CA /* PostCardCell.swift */; };
		0327454F1EE824DC009387CA /* User.swift in Sources */ = {isa = PBXBuildFile; fileRef = 0327454E1EE824DC009387CA /* User.swift */; };
		032745521EE83911009387CA /* String+Size.swift in Sources */ = {isa = PBXBuildFile; fileRef = 032745511EE83911009387CA /* String+Size.swift */; };
		0336A8301EEEAFB00029AB55 /* UIImageView+Photo.swift in Sources */ = {isa = PBXBuildFile; fileRef = 0336A82F1EEEAFB00029AB55 /* UIImageView+Photo.swift */; };
		0336A8321EEEC4C70029AB55 /* CollectionActivityIndicatorView.swift in Sources */ = {isa = PBXBuildFile; fileRef = 0336A8311EEEC4C70029AB55 /* CollectionActivityIndicatorView.swift */; };
		034ABB001EF1518D00A6107B /* LoginViewController.swift in Sources */ = {isa = PBXBuildFile; fileRef = 034ABAFF1EF1518D00A6107B /* LoginViewController.swift */; };
		034ABB021EF165DF00A6107B /* DataResponse+ErrorInfo.swift in Sources */ = {isa = PBXBuildFile; fileRef = 034ABB011EF165DF00A6107B /* DataResponse+ErrorInfo.swift */; };
		034ABB041EF1707300A6107B /* SplashViewController.swift in Sources */ = {isa = PBXBuildFile; fileRef = 034ABB031EF1707300A6107B /* SplashViewController.swift */; };
		03621F941EF7FF6E006C40CB /* MainTabBarController.swift in Sources */ = {isa = PBXBuildFile; fileRef = 03621F931EF7FF6E006C40CB /* MainTabBarController.swift */; };
		03AB9CAA1F03C6A400F2B8D7 /* UserService.swift in Sources */ = {isa = PBXBuildFile; fileRef = 03AB9CA91F03C6A400F2B8D7 /* UserService.swift */; };
		03AB9CAC1F03CBBD00F2B8D7 /* MappingError.swift in Sources */ = {isa = PBXBuildFile; fileRef = 03AB9CAB1F03CBBD00F2B8D7 /* MappingError.swift */; };
		03AB9CAE1F03CD8900F2B8D7 /* DataResponse+Map.swift in Sources */ = {isa = PBXBuildFile; fileRef = 03AB9CAD1F03CD8900F2B8D7 /* DataResponse+Map.swift */; };
		03AB9CB01F03D88600F2B8D7 /* AuthService.swift in Sources */ = {isa = PBXBuildFile; fileRef = 03AB9CAF1F03D88600F2B8D7 /* AuthService.swift */; };
		03AB9CB21F03DC5300F2B8D7 /* APIServiceType.swift in Sources */ = {isa = PBXBuildFile; fileRef = 03AB9CB11F03DC5300F2B8D7 /* APIServiceType.swift */; };
		03AB9CB41F03DDF500F2B8D7 /* FeedService.swift in Sources */ = {isa = PBXBuildFile; fileRef = 03AB9CB31F03DDF500F2B8D7 /* FeedService.swift */; };
		03AB9CB61F03E26D00F2B8D7 /* Feed.swift in Sources */ = {isa = PBXBuildFile; fileRef = 03AB9CB51F03E26D00F2B8D7 /* Feed.swift */; };
		03AB9CB81F03E4A800F2B8D7 /* Paging.swift in Sources */ = {isa = PBXBuildFile; fileRef = 03AB9CB71F03E4A800F2B8D7 /* Paging.swift */; };
		03AB9CBA1F03E84A00F2B8D7 /* PostService.swift in Sources */ = {isa = PBXBuildFile; fileRef = 03AB9CB91F03E84A00F2B8D7 /* PostService.swift */; };
		03ACE3C11F013F89005675F0 /* PostTileCell.swift in Sources */ = {isa = PBXBuildFile; fileRef = 03ACE3C01F013F89005675F0 /* PostTileCell.swift */; };
		03ACE3C31F01467D005675F0 /* PostViewController.swift in Sources */ = {isa = PBXBuildFile; fileRef = 03ACE3C21F01467D005675F0 /* PostViewController.swift */; };
		03E559DF1EFA8D02004FE9B8 /* CropViewController.swift in Sources */ = {isa = PBXBuildFile; fileRef = 03E559DE1EFA8D02004FE9B8 /* CropViewController.swift */; };
		03E559E11EFAAF9B004FE9B8 /* UIImage+Grayscale.swift in Sources */ = {isa = PBXBuildFile; fileRef = 03E559E01EFAAF9B004FE9B8 /* UIImage+Grayscale.swift */; };
		CD078CBEF3A8E88C92D3D5DD /* Pods_Graygram.framework in Frameworks */ = {isa = PBXBuildFile; fileRef = B97F8E97083BFCB358E5EE99 /* Pods_Graygram.framework */; };
/* End PBXBuildFile section */

/* Begin PBXFileReference section */
		030CCCB11EFD2E1B00E8F1FE /* PostEditViewController.swift */ = {isa = PBXFileReference; fileEncoding = 4; lastKnownFileType = sourcecode.swift; path = PostEditViewController.swift; sourceTree = "<group>"; };
		030CCCB31EFD309700E8F1FE /* PostEditViewImageCell.swift */ = {isa = PBXFileReference; fileEncoding = 4; lastKnownFileType = sourcecode.swift; path = PostEditViewImageCell.swift; sourceTree = "<group>"; };
		030CCCB51EFD419800E8F1FE /* PostEditViewTextCell.swift */ = {isa = PBXFileReference; fileEncoding = 4; lastKnownFileType = sourcecode.swift; path = PostEditViewTextCell.swift; sourceTree = "<group>"; };
		0327453A1EE815FD009387CA /* Assets.xcassets */ = {isa = PBXFileReference; lastKnownFileType = folder.assetcatalog; path = Assets.xcassets; sourceTree = "<group>"; };
		0327453C1EE815FD009387CA /* Base */ = {isa = PBXFileReference; lastKnownFileType = file.storyboard; name = Base; path = Base.lproj/LaunchScreen.storyboard; sourceTree = "<group>"; };
		0327453E1EE815FD009387CA /* AppDelegate.swift */ = {isa = PBXFileReference; fileEncoding = 4; lastKnownFileType = sourcecode.swift; path = AppDelegate.swift; sourceTree = "<group>"; };
		032745401EE815FD009387CA /* Post.swift */ = {isa = PBXFileReference; fileEncoding = 4; lastKnownFileType = sourcecode.swift; path = Post.swift; sourceTree = "<group>"; };
		032745421EE815FD009387CA /* FeedViewController.swift */ = {isa = PBXFileReference; fileEncoding = 4; lastKnownFileType = sourcecode.swift; path = FeedViewController.swift; sourceTree = "<group>"; };
		032745441EE815FD009387CA /* PostCardCell.swift */ = {isa = PBXFileReference; fileEncoding = 4; lastKnownFileType = sourcecode.swift; path = PostCardCell.swift; sourceTree = "<group>"; };
		032745461EE815FD009387CA /* Info.plist */ = {isa = PBXFileReference; fileEncoding = 4; lastKnownFileType = text.plist.xml; path = Info.plist; sourceTree = "<group>"; };
		0327454E1EE824DC009387CA /* User.swift */ = {isa = PBXFileReference; fileEncoding = 4; lastKnownFileType = sourcecode.swift; path = User.swift; sourceTree = "<group>"; };
		032745511EE83911009387CA /* String+Size.swift */ = {isa = PBXFileReference; fileEncoding = 4; lastKnownFileType = sourcecode.swift; path = "String+Size.swift"; sourceTree = "<group>"; };
		0336A82F1EEEAFB00029AB55 /* UIImageView+Photo.swift */ = {isa = PBXFileReference; fileEncoding = 4; lastKnownFileType = sourcecode.swift; path = "UIImageView+Photo.swift"; sourceTree = "<group>"; };
		0336A8311EEEC4C70029AB55 /* CollectionActivityIndicatorView.swift */ = {isa = PBXFileReference; fileEncoding = 4; lastKnownFileType = sourcecode.swift; path = CollectionActivityIndicatorView.swift; sourceTree = "<group>"; };
		034ABAFF1EF1518D00A6107B /* LoginViewController.swift */ = {isa = PBXFileReference; fileEncoding = 4; lastKnownFileType = sourcecode.swift; path = LoginViewController.swift; sourceTree = "<group>"; };
		034ABB011EF165DF00A6107B /* DataResponse+ErrorInfo.swift */ = {isa = PBXFileReference; fileEncoding = 4; lastKnownFileType = sourcecode.swift; path = "DataResponse+ErrorInfo.swift"; sourceTree = "<group>"; };
		034ABB031EF1707300A6107B /* SplashViewController.swift */ = {isa = PBXFileReference; fileEncoding = 4; lastKnownFileType = sourcecode.swift; path = SplashViewController.swift; sourceTree = "<group>"; };
		03621F931EF7FF6E006C40CB /* MainTabBarController.swift */ = {isa = PBXFileReference; fileEncoding = 4; lastKnownFileType = sourcecode.swift; path = MainTabBarController.swift; sourceTree = "<group>"; };
		03AB9CA91F03C6A400F2B8D7 /* UserService.swift */ = {isa = PBXFileReference; fileEncoding = 4; lastKnownFileType = sourcecode.swift; path = UserService.swift; sourceTree = "<group>"; };
		03AB9CAB1F03CBBD00F2B8D7 /* MappingError.swift */ = {isa = PBXFileReference; fileEncoding = 4; lastKnownFileType = sourcecode.swift; path = MappingError.swift; sourceTree = "<group>"; };
		03AB9CAD1F03CD8900F2B8D7 /* DataResponse+Map.swift */ = {isa = PBXFileReference; fileEncoding = 4; lastKnownFileType = sourcecode.swift; path = "DataResponse+Map.swift"; sourceTree = "<group>"; };
		03AB9CAF1F03D88600F2B8D7 /* AuthService.swift */ = {isa = PBXFileReference; fileEncoding = 4; lastKnownFileType = sourcecode.swift; path = AuthService.swift; sourceTree = "<group>"; };
		03AB9CB11F03DC5300F2B8D7 /* APIServiceType.swift */ = {isa = PBXFileReference; fileEncoding = 4; lastKnownFileType = sourcecode.swift; path = APIServiceType.swift; sourceTree = "<group>"; };
		03AB9CB31F03DDF500F2B8D7 /* FeedService.swift */ = {isa = PBXFileReference; fileEncoding = 4; lastKnownFileType = sourcecode.swift; path = FeedService.swift; sourceTree = "<group>"; };
		03AB9CB51F03E26D00F2B8D7 /* Feed.swift */ = {isa = PBXFileReference; fileEncoding = 4; lastKnownFileType = sourcecode.swift; path = Feed.swift; sourceTree = "<group>"; };
		03AB9CB71F03E4A800F2B8D7 /* Paging.swift */ = {isa = PBXFileReference; fileEncoding = 4; lastKnownFileType = sourcecode.swift; path = Paging.swift; sourceTree = "<group>"; };
		03AB9CB91F03E84A00F2B8D7 /* PostService.swift */ = {isa = PBXFileReference; fileEncoding = 4; lastKnownFileType = sourcecode.swift; path = PostService.swift; sourceTree = "<group>"; };
		03ACE3C01F013F89005675F0 /* PostTileCell.swift */ = {isa = PBXFileReference; fileEncoding = 4; lastKnownFileType = sourcecode.swift; path = PostTileCell.swift; sourceTree = "<group>"; };
		03ACE3C21F01467D005675F0 /* PostViewController.swift */ = {isa = PBXFileReference; fileEncoding = 4; lastKnownFileType = sourcecode.swift; path = PostViewController.swift; sourceTree = "<group>"; };
		03D9B7701EDEDBD000EE0C29 /* Graygram.app */ = {isa = PBXFileReference; explicitFileType = wrapper.application; includeInIndex = 0; path = Graygram.app; sourceTree = BUILT_PRODUCTS_DIR; };
		03E559DE1EFA8D02004FE9B8 /* CropViewController.swift */ = {isa = PBXFileReference; fileEncoding = 4; lastKnownFileType = sourcecode.swift; path = CropViewController.swift; sourceTree = "<group>"; };
		03E559E01EFAAF9B004FE9B8 /* UIImage+Grayscale.swift */ = {isa = PBXFileReference; fileEncoding = 4; lastKnownFileType = sourcecode.swift; path = "UIImage+Grayscale.swift"; sourceTree = "<group>"; };
		9D203AB88EE65195B8F03B56 /* Pods-Graygram.release.xcconfig */ = {isa = PBXFileReference; includeInIndex = 1; lastKnownFileType = text.xcconfig; name = "Pods-Graygram.release.xcconfig"; path = "Pods/Target Support Files/Pods-Graygram/Pods-Graygram.release.xcconfig"; sourceTree = "<group>"; };
		B97F8E97083BFCB358E5EE99 /* Pods_Graygram.framework */ = {isa = PBXFileReference; explicitFileType = wrapper.framework; includeInIndex = 0; path = Pods_Graygram.framework; sourceTree = BUILT_PRODUCTS_DIR; };
		D6401B6D1791E979E8E7C8BF /* Pods-Graygram.debug.xcconfig */ = {isa = PBXFileReference; includeInIndex = 1; lastKnownFileType = text.xcconfig; name = "Pods-Graygram.debug.xcconfig"; path = "Pods/Target Support Files/Pods-Graygram/Pods-Graygram.debug.xcconfig"; sourceTree = "<group>"; };
/* End PBXFileReference section */

/* Begin PBXFrameworksBuildPhase section */
		03D9B76D1EDEDBD000EE0C29 /* Frameworks */ = {
			isa = PBXFrameworksBuildPhase;
			buildActionMask = 2147483647;
			files = (
				CD078CBEF3A8E88C92D3D5DD /* Pods_Graygram.framework in Frameworks */,
			);
			runOnlyForDeploymentPostprocessing = 0;
		};
/* End PBXFrameworksBuildPhase section */

/* Begin PBXGroup section */
		032745381EE815FD009387CA /* Graygram */ = {
			isa = PBXGroup;
			children = (
				0327453D1EE815FD009387CA /* Sources */,
				032745391EE815FD009387CA /* Resources */,
				032745451EE815FD009387CA /* Supporting Files */,
			);
			path = Graygram;
			sourceTree = "<group>";
		};
		032745391EE815FD009387CA /* Resources */ = {
			isa = PBXGroup;
			children = (
				0327453A1EE815FD009387CA /* Assets.xcassets */,
				0327453B1EE815FD009387CA /* LaunchScreen.storyboard */,
			);
			path = Resources;
			sourceTree = "<group>";
		};
		0327453D1EE815FD009387CA /* Sources */ = {
			isa = PBXGroup;
			children = (
				0327453E1EE815FD009387CA /* AppDelegate.swift */,
				03AB9CA81F03C66600F2B8D7 /* Services */,
				0327453F1EE815FD009387CA /* Models */,
				032745411EE815FD009387CA /* ViewControllers */,
				032745431EE815FD009387CA /* Views */,
				032745501EE838BC009387CA /* Utils */,
			);
			path = Sources;
			sourceTree = "<group>";
		};
		0327453F1EE815FD009387CA /* Models */ = {
			isa = PBXGroup;
			children = (
				032745401EE815FD009387CA /* Post.swift */,
				0327454E1EE824DC009387CA /* User.swift */,
				03AB9CB51F03E26D00F2B8D7 /* Feed.swift */,
			);
			path = Models;
			sourceTree = "<group>";
		};
		032745411EE815FD009387CA /* ViewControllers */ = {
			isa = PBXGroup;
			children = (
				032745421EE815FD009387CA /* FeedViewController.swift */,
				034ABAFF1EF1518D00A6107B /* LoginViewController.swift */,
				034ABB031EF1707300A6107B /* SplashViewController.swift */,
				03621F931EF7FF6E006C40CB /* MainTabBarController.swift */,
				03E559DE1EFA8D02004FE9B8 /* CropViewController.swift */,
				030CCCB11EFD2E1B00E8F1FE /* PostEditViewController.swift */,
				03ACE3C21F01467D005675F0 /* PostViewController.swift */,
			);
			path = ViewControllers;
			sourceTree = "<group>";
		};
		032745431EE815FD009387CA /* Views */ = {
			isa = PBXGroup;
			children = (
				032745441EE815FD009387CA /* PostCardCell.swift */,
				03ACE3C01F013F89005675F0 /* PostTileCell.swift */,
				0336A8311EEEC4C70029AB55 /* CollectionActivityIndicatorView.swift */,
				030CCCB31EFD309700E8F1FE /* PostEditViewImageCell.swift */,
				030CCCB51EFD419800E8F1FE /* PostEditViewTextCell.swift */,
			);
			path = Views;
			sourceTree = "<group>";
		};
		032745451EE815FD009387CA /* Supporting Files */ = {
			isa = PBXGroup;
			children = (
				032745461EE815FD009387CA /* Info.plist */,
			);
			path = "Supporting Files";
			sourceTree = "<group>";
		};
		032745501EE838BC009387CA /* Utils */ = {
			isa = PBXGroup;
			children = (
				032745511EE83911009387CA /* String+Size.swift */,
				0336A82F1EEEAFB00029AB55 /* UIImageView+Photo.swift */,
				034ABB011EF165DF00A6107B /* DataResponse+ErrorInfo.swift */,
				03E559E01EFAAF9B004FE9B8 /* UIImage+Grayscale.swift */,
				03AB9CAB1F03CBBD00F2B8D7 /* MappingError.swift */,
				03AB9CAD1F03CD8900F2B8D7 /* DataResponse+Map.swift */,
				03AB9CB71F03E4A800F2B8D7 /* Paging.swift */,
			);
			path = Utils;
			sourceTree = "<group>";
		};
		03AB9CA81F03C66600F2B8D7 /* Services */ = {
			isa = PBXGroup;
			children = (
				03AB9CB11F03DC5300F2B8D7 /* APIServiceType.swift */,
				03AB9CA91F03C6A400F2B8D7 /* UserService.swift */,
				03AB9CAF1F03D88600F2B8D7 /* AuthService.swift */,
				03AB9CB31F03DDF500F2B8D7 /* FeedService.swift */,
				03AB9CB91F03E84A00F2B8D7 /* PostService.swift */,
			);
			path = Services;
			sourceTree = "<group>";
		};
		03D9B7671EDEDBD000EE0C29 = {
			isa = PBXGroup;
			children = (
				032745381EE815FD009387CA /* Graygram */,
				03D9B7711EDEDBD000EE0C29 /* Products */,
				541D4AA0636B9C288E7B8664 /* Pods */,
				2AF98209F66E4B3C82FF0B01 /* Frameworks */,
			);
			sourceTree = "<group>";
		};
		03D9B7711EDEDBD000EE0C29 /* Products */ = {
			isa = PBXGroup;
			children = (
				03D9B7701EDEDBD000EE0C29 /* Graygram.app */,
			);
			name = Products;
			sourceTree = "<group>";
		};
		2AF98209F66E4B3C82FF0B01 /* Frameworks */ = {
			isa = PBXGroup;
			children = (
				B97F8E97083BFCB358E5EE99 /* Pods_Graygram.framework */,
			);
			name = Frameworks;
			sourceTree = "<group>";
		};
		541D4AA0636B9C288E7B8664 /* Pods */ = {
			isa = PBXGroup;
			children = (
				D6401B6D1791E979E8E7C8BF /* Pods-Graygram.debug.xcconfig */,
				9D203AB88EE65195B8F03B56 /* Pods-Graygram.release.xcconfig */,
			);
			name = Pods;
			sourceTree = "<group>";
		};
/* End PBXGroup section */

/* Begin PBXNativeTarget section */
		03D9B76F1EDEDBD000EE0C29 /* Graygram */ = {
			isa = PBXNativeTarget;
			buildConfigurationList = 03D9B7821EDEDBD000EE0C29 /* Build configuration list for PBXNativeTarget "Graygram" */;
			buildPhases = (
				59C5C25DD3BCFD28AF24D2B9 /* [CP] Check Pods Manifest.lock */,
				03D9B76C1EDEDBD000EE0C29 /* Sources */,
				03D9B76D1EDEDBD000EE0C29 /* Frameworks */,
				03D9B76E1EDEDBD000EE0C29 /* Resources */,
				6C91CFB08215286C29A466FC /* [CP] Embed Pods Frameworks */,
				D0879DDEA29D029A5E577040 /* [CP] Copy Pods Resources */,
			);
			buildRules = (
			);
			dependencies = (
			);
			name = Graygram;
			productName = Graygram;
			productReference = 03D9B7701EDEDBD000EE0C29 /* Graygram.app */;
			productType = "com.apple.product-type.application";
		};
/* End PBXNativeTarget section */

/* Begin PBXProject section */
		03D9B7681EDEDBD000EE0C29 /* Project object */ = {
			isa = PBXProject;
			attributes = {
				LastSwiftUpdateCheck = 0830;
				LastUpgradeCheck = 0830;
				ORGANIZATIONNAME = "Suyeol Jeon";
				TargetAttributes = {
					03D9B76F1EDEDBD000EE0C29 = {
						CreatedOnToolsVersion = 8.3.2;
						ProvisioningStyle = Automatic;
					};
				};
			};
			buildConfigurationList = 03D9B76B1EDEDBD000EE0C29 /* Build configuration list for PBXProject "Graygram" */;
			compatibilityVersion = "Xcode 3.2";
			developmentRegion = English;
			hasScannedForEncodings = 0;
			knownRegions = (
				en,
				Base,
			);
			mainGroup = 03D9B7671EDEDBD000EE0C29;
			productRefGroup = 03D9B7711EDEDBD000EE0C29 /* Products */;
			projectDirPath = "";
			projectRoot = "";
			targets = (
				03D9B76F1EDEDBD000EE0C29 /* Graygram */,
			);
		};
/* End PBXProject section */

/* Begin PBXResourcesBuildPhase section */
		03D9B76E1EDEDBD000EE0C29 /* Resources */ = {
			isa = PBXResourcesBuildPhase;
			buildActionMask = 2147483647;
			files = (
				032745471EE815FD009387CA /* Assets.xcassets in Resources */,
				032745481EE815FD009387CA /* LaunchScreen.storyboard in Resources */,
			);
			runOnlyForDeploymentPostprocessing = 0;
		};
/* End PBXResourcesBuildPhase section */

/* Begin PBXShellScriptBuildPhase section */
		59C5C25DD3BCFD28AF24D2B9 /* [CP] Check Pods Manifest.lock */ = {
			isa = PBXShellScriptBuildPhase;
			buildActionMask = 2147483647;
			files = (
			);
			inputPaths = (
				"${PODS_PODFILE_DIR_PATH}/Podfile.lock",
				"${PODS_ROOT}/Manifest.lock",
			);
			name = "[CP] Check Pods Manifest.lock";
			outputPaths = (
				"$(DERIVED_FILE_DIR)/Pods-Graygram-checkManifestLockResult.txt",
			);
			runOnlyForDeploymentPostprocessing = 0;
			shellPath = /bin/sh;
			shellScript = "diff \"${PODS_PODFILE_DIR_PATH}/Podfile.lock\" \"${PODS_ROOT}/Manifest.lock\" > /dev/null\nif [ $? != 0 ] ; then\n    # print error to STDERR\n    echo \"error: The sandbox is not in sync with the Podfile.lock. Run 'pod install' or update your CocoaPods installation.\" >&2\n    exit 1\nfi\n# This output is used by Xcode 'outputs' to avoid re-running this script phase.\necho \"SUCCESS\" > \"${SCRIPT_OUTPUT_FILE_0}\"\n";
			showEnvVarsInLog = 0;
		};
		6C91CFB08215286C29A466FC /* [CP] Embed Pods Frameworks */ = {
			isa = PBXShellScriptBuildPhase;
			buildActionMask = 2147483647;
			files = (
			);
			inputPaths = (
				"${SRCROOT}/Pods/Target Support Files/Pods-Graygram/Pods-Graygram-frameworks.sh",
				"${BUILT_PRODUCTS_DIR}/Alamofire/Alamofire.framework",
				"${BUILT_PRODUCTS_DIR}/Kingfisher/Kingfisher.framework",
				"${BUILT_PRODUCTS_DIR}/ManualLayout/ManualLayout.framework",
				"${BUILT_PRODUCTS_DIR}/ObjectMapper/ObjectMapper.framework",
				"${BUILT_PRODUCTS_DIR}/SnapKit/SnapKit.framework",
			);
			name = "[CP] Embed Pods Frameworks";
			outputPaths = (
				"${TARGET_BUILD_DIR}/${FRAMEWORKS_FOLDER_PATH}/Alamofire.framework",
				"${TARGET_BUILD_DIR}/${FRAMEWORKS_FOLDER_PATH}/Kingfisher.framework",
				"${TARGET_BUILD_DIR}/${FRAMEWORKS_FOLDER_PATH}/ManualLayout.framework",
				"${TARGET_BUILD_DIR}/${FRAMEWORKS_FOLDER_PATH}/ObjectMapper.framework",
				"${TARGET_BUILD_DIR}/${FRAMEWORKS_FOLDER_PATH}/SnapKit.framework",
			);
			runOnlyForDeploymentPostprocessing = 0;
			shellPath = /bin/sh;
			shellScript = "\"${SRCROOT}/Pods/Target Support Files/Pods-Graygram/Pods-Graygram-frameworks.sh\"\n";
			showEnvVarsInLog = 0;
		};
		D0879DDEA29D029A5E577040 /* [CP] Copy Pods Resources */ = {
			isa = PBXShellScriptBuildPhase;
			buildActionMask = 2147483647;
			files = (
			);
			inputPaths = (
			);
			name = "[CP] Copy Pods Resources";
			outputPaths = (
			);
			runOnlyForDeploymentPostprocessing = 0;
			shellPath = /bin/sh;
			shellScript = "\"${SRCROOT}/Pods/Target Support Files/Pods-Graygram/Pods-Graygram-resources.sh\"\n";
			showEnvVarsInLog = 0;
		};
/* End PBXShellScriptBuildPhase section */

/* Begin PBXSourcesBuildPhase section */
		03D9B76C1EDEDBD000EE0C29 /* Sources */ = {
			isa = PBXSourcesBuildPhase;
			buildActionMask = 2147483647;
			files = (
				030CCCB41EFD309700E8F1FE /* PostEditViewImageCell.swift in Sources */,
				03AB9CB61F03E26D00F2B8D7 /* Feed.swift in Sources */,
				03AB9CB01F03D88600F2B8D7 /* AuthService.swift in Sources */,
				034ABB001EF1518D00A6107B /* LoginViewController.swift in Sources */,
				03AB9CAE1F03CD8900F2B8D7 /* DataResponse+Map.swift in Sources */,
				030CCCB61EFD419900E8F1FE /* PostEditViewTextCell.swift in Sources */,
				032745491EE815FD009387CA /* AppDelegate.swift in Sources */,
				03AB9CAC1F03CBBD00F2B8D7 /* MappingError.swift in Sources */,
				03621F941EF7FF6E006C40CB /* MainTabBarController.swift in Sources */,
				03AB9CB81F03E4A800F2B8D7 /* Paging.swift in Sources */,
				03E559DF1EFA8D02004FE9B8 /* CropViewController.swift in Sources */,
				0336A8321EEEC4C70029AB55 /* CollectionActivityIndicatorView.swift in Sources */,
				032745521EE83911009387CA /* String+Size.swift in Sources */,
				0327454C1EE815FD009387CA /* PostCardCell.swift in Sources */,
				03ACE3C11F013F89005675F0 /* PostTileCell.swift in Sources */,
				03E559E11EFAAF9B004FE9B8 /* UIImage+Grayscale.swift in Sources */,
				0336A8301EEEAFB00029AB55 /* UIImageView+Photo.swift in Sources */,
				03ACE3C31F01467D005675F0 /* PostViewController.swift in Sources */,
				0327454B1EE815FD009387CA /* FeedViewController.swift in Sources */,
				0327454F1EE824DC009387CA /* User.swift in Sources */,
				030CCCB21EFD2E1B00E8F1FE /* PostEditViewController.swift in Sources */,
				03AB9CB41F03DDF500F2B8D7 /* FeedService.swift in Sources */,
				03AB9CAA1F03C6A400F2B8D7 /* UserService.swift in Sources */,
				03AB9CBA1F03E84A00F2B8D7 /* PostService.swift in Sources */,
				03AB9CB21F03DC5300F2B8D7 /* APIServiceType.swift in Sources */,
				0327454A1EE815FD009387CA /* Post.swift in Sources */,
				034ABB021EF165DF00A6107B /* DataResponse+ErrorInfo.swift in Sources */,
				034ABB041EF1707300A6107B /* SplashViewController.swift in Sources */,
			);
			runOnlyForDeploymentPostprocessing = 0;
		};
/* End PBXSourcesBuildPhase section */

/* Begin PBXVariantGroup section */
		0327453B1EE815FD009387CA /* LaunchScreen.storyboard */ = {
			isa = PBXVariantGroup;
			children = (
				0327453C1EE815FD009387CA /* Base */,
			);
			name = LaunchScreen.storyboard;
			sourceTree = "<group>";
		};
/* End PBXVariantGroup section */

/* Begin XCBuildConfiguration section */
		03D9B7801EDEDBD000EE0C29 /* Debug */ = {
			isa = XCBuildConfiguration;
			buildSettings = {
				ALWAYS_SEARCH_USER_PATHS = NO;
				CLANG_ANALYZER_NONNULL = YES;
				CLANG_ANALYZER_NUMBER_OBJECT_CONVERSION = YES_AGGRESSIVE;
				CLANG_CXX_LANGUAGE_STANDARD = "gnu++0x";
				CLANG_CXX_LIBRARY = "libc++";
				CLANG_ENABLE_MODULES = YES;
				CLANG_ENABLE_OBJC_ARC = YES;
				CLANG_WARN_BOOL_CONVERSION = YES;
				CLANG_WARN_CONSTANT_CONVERSION = YES;
				CLANG_WARN_DIRECT_OBJC_ISA_USAGE = YES_ERROR;
				CLANG_WARN_DOCUMENTATION_COMMENTS = YES;
				CLANG_WARN_EMPTY_BODY = YES;
				CLANG_WARN_ENUM_CONVERSION = YES;
				CLANG_WARN_INFINITE_RECURSION = YES;
				CLANG_WARN_INT_CONVERSION = YES;
				CLANG_WARN_OBJC_ROOT_CLASS = YES_ERROR;
				CLANG_WARN_SUSPICIOUS_MOVE = YES;
				CLANG_WARN_UNREACHABLE_CODE = YES;
				CLANG_WARN__DUPLICATE_METHOD_MATCH = YES;
				"CODE_SIGN_IDENTITY[sdk=iphoneos*]" = "iPhone Developer";
				COPY_PHASE_STRIP = NO;
				DEBUG_INFORMATION_FORMAT = dwarf;
				ENABLE_STRICT_OBJC_MSGSEND = YES;
				ENABLE_TESTABILITY = YES;
				GCC_C_LANGUAGE_STANDARD = gnu99;
				GCC_DYNAMIC_NO_PIC = NO;
				GCC_NO_COMMON_BLOCKS = YES;
				GCC_OPTIMIZATION_LEVEL = 0;
				GCC_PREPROCESSOR_DEFINITIONS = (
					"DEBUG=1",
					"$(inherited)",
				);
				GCC_WARN_64_TO_32_BIT_CONVERSION = YES;
				GCC_WARN_ABOUT_RETURN_TYPE = YES_ERROR;
				GCC_WARN_UNDECLARED_SELECTOR = YES;
				GCC_WARN_UNINITIALIZED_AUTOS = YES_AGGRESSIVE;
				GCC_WARN_UNUSED_FUNCTION = YES;
				GCC_WARN_UNUSED_VARIABLE = YES;
				IPHONEOS_DEPLOYMENT_TARGET = 9.0;
				MTL_ENABLE_DEBUG_INFO = YES;
				ONLY_ACTIVE_ARCH = YES;
				SDKROOT = iphoneos;
				SWIFT_ACTIVE_COMPILATION_CONDITIONS = DEBUG;
				SWIFT_OPTIMIZATION_LEVEL = "-Onone";
			};
			name = Debug;
		};
		03D9B7811EDEDBD000EE0C29 /* Release */ = {
			isa = XCBuildConfiguration;
			buildSettings = {
				ALWAYS_SEARCH_USER_PATHS = NO;
				CLANG_ANALYZER_NONNULL = YES;
				CLANG_ANALYZER_NUMBER_OBJECT_CONVERSION = YES_AGGRESSIVE;
				CLANG_CXX_LANGUAGE_STANDARD = "gnu++0x";
				CLANG_CXX_LIBRARY = "libc++";
				CLANG_ENABLE_MODULES = YES;
				CLANG_ENABLE_OBJC_ARC = YES;
				CLANG_WARN_BOOL_CONVERSION = YES;
				CLANG_WARN_CONSTANT_CONVERSION = YES;
				CLANG_WARN_DIRECT_OBJC_ISA_USAGE = YES_ERROR;
				CLANG_WARN_DOCUMENTATION_COMMENTS = YES;
				CLANG_WARN_EMPTY_BODY = YES;
				CLANG_WARN_ENUM_CONVERSION = YES;
				CLANG_WARN_INFINITE_RECURSION = YES;
				CLANG_WARN_INT_CONVERSION = YES;
				CLANG_WARN_OBJC_ROOT_CLASS = YES_ERROR;
				CLANG_WARN_SUSPICIOUS_MOVE = YES;
				CLANG_WARN_UNREACHABLE_CODE = YES;
				CLANG_WARN__DUPLICATE_METHOD_MATCH = YES;
				"CODE_SIGN_IDENTITY[sdk=iphoneos*]" = "iPhone Developer";
				COPY_PHASE_STRIP = NO;
				DEBUG_INFORMATION_FORMAT = "dwarf-with-dsym";
				ENABLE_NS_ASSERTIONS = NO;
				ENABLE_STRICT_OBJC_MSGSEND = YES;
				GCC_C_LANGUAGE_STANDARD = gnu99;
				GCC_NO_COMMON_BLOCKS = YES;
				GCC_WARN_64_TO_32_BIT_CONVERSION = YES;
				GCC_WARN_ABOUT_RETURN_TYPE = YES_ERROR;
				GCC_WARN_UNDECLARED_SELECTOR = YES;
				GCC_WARN_UNINITIALIZED_AUTOS = YES_AGGRESSIVE;
				GCC_WARN_UNUSED_FUNCTION = YES;
				GCC_WARN_UNUSED_VARIABLE = YES;
				IPHONEOS_DEPLOYMENT_TARGET = 9.0;
				MTL_ENABLE_DEBUG_INFO = NO;
				SDKROOT = iphoneos;
				SWIFT_OPTIMIZATION_LEVEL = "-Owholemodule";
				VALIDATE_PRODUCT = YES;
			};
			name = Release;
		};
		03D9B7831EDEDBD000EE0C29 /* Debug */ = {
			isa = XCBuildConfiguration;
			baseConfigurationReference = D6401B6D1791E979E8E7C8BF /* Pods-Graygram.debug.xcconfig */;
			buildSettings = {
				ASSETCATALOG_COMPILER_APPICON_NAME = AppIcon;
				INFOPLIST_FILE = "$(SRCROOT)/Graygram/Supporting Files/Info.plist";
				LD_RUNPATH_SEARCH_PATHS = "$(inherited) @executable_path/Frameworks";
				PRODUCT_BUNDLE_IDENTIFIER = kr.xoul.Graygram;
				PRODUCT_NAME = "$(TARGET_NAME)";
				SWIFT_VERSION = 3.0;
			};
			name = Debug;
		};
		03D9B7841EDEDBD000EE0C29 /* Release */ = {
			isa = XCBuildConfiguration;
			baseConfigurationReference = 9D203AB88EE65195B8F03B56 /* Pods-Graygram.release.xcconfig */;
			buildSettings = {
				ASSETCATALOG_COMPILER_APPICON_NAME = AppIcon;
				INFOPLIST_FILE = "$(SRCROOT)/Graygram/Supporting Files/Info.plist";
				LD_RUNPATH_SEARCH_PATHS = "$(inherited) @executable_path/Frameworks";
				PRODUCT_BUNDLE_IDENTIFIER = kr.xoul.Graygram;
				PRODUCT_NAME = "$(TARGET_NAME)";
				SWIFT_VERSION = 3.0;
			};
			name = Release;
		};
/* End XCBuildConfiguration section */

/* Begin XCConfigurationList section */
		03D9B76B1EDEDBD000EE0C29 /* Build configuration list for PBXProject "Graygram" */ = {
			isa = XCConfigurationList;
			buildConfigurations = (
				03D9B7801EDEDBD000EE0C29 /* Debug */,
				03D9B7811EDEDBD000EE0C29 /* Release */,
			);
			defaultConfigurationIsVisible = 0;
			defaultConfigurationName = Release;
		};
		03D9B7821EDEDBD000EE0C29 /* Build configuration list for PBXNativeTarget "Graygram" */ = {
			isa = XCConfigurationList;
			buildConfigurations = (
				03D9B7831EDEDBD000EE0C29 /* Debug */,
				03D9B7841EDEDBD000EE0C29 /* Release */,
			);
			defaultConfigurationIsVisible = 0;
			defaultConfigurationName = Release;
		};
/* End XCConfigurationList section */
	};
	rootObject = 03D9B7681EDEDBD000EE0C29 /* Project object */;
}
