// !$*UTF8*$!
{
	archiveVersion = 1;
	classes = {
	};
	objectVersion = 48;
	objects = {

/* Begin PBXBuildFile section */
		4B72C2AF1F9A08970045EC9E /* SettingViewController.swift in Sources */ = {isa = PBXBuildFile; fileRef = 4B72C2AE1F9A08970045EC9E /* SettingViewController.swift */; };
		4B72C2B11F9A09320045EC9E /* SettingDataModel.swift in Sources */ = {isa = PBXBuildFile; fileRef = 4B72C2B01F9A09320045EC9E /* SettingDataModel.swift */; };
		4B72C2B31F9A11E10045EC9E /* SettingTableViewCell.swift in Sources */ = {isa = PBXBuildFile; fileRef = 4B72C2B21F9A11E10045EC9E /* SettingTableViewCell.swift */; };
		4B72C2E61F9A29160045EC9E /* Settings.plist in Resources */ = {isa = PBXBuildFile; fileRef = 4B72C2E51F9A29160045EC9E /* Settings.plist */; };
		4BBE31011F9A36EE00D08669 /* ExploreData.plist in Resources */ = {isa = PBXBuildFile; fileRef = 4BBE31001F9A36EE00D08669 /* ExploreData.plist */; };
		4BBE31031F9A372F00D08669 /* ExploreDataModel.swift in Sources */ = {isa = PBXBuildFile; fileRef = 4BBE31021F9A372F00D08669 /* ExploreDataModel.swift */; };
		4BBE310A1F9A3CAA00D08669 /* CustomCellSample.swift in Sources */ = {isa = PBXBuildFile; fileRef = 4BBE31081F9A3CAA00D08669 /* CustomCellSample.swift */; };
		4BBE310B1F9A3CAA00D08669 /* ViewController.swift in Sources */ = {isa = PBXBuildFile; fileRef = 4BBE31091F9A3CAA00D08669 /* ViewController.swift */; };
		4BE462D41F9AA07B00E593C9 /* UserModel.swift in Sources */ = {isa = PBXBuildFile; fileRef = 4BE462D31F9AA07B00E593C9 /* UserModel.swift */; };
		4BE462D61F9AA29E00E593C9 /* SigningNavigationController.swift in Sources */ = {isa = PBXBuildFile; fileRef = 4BE462D51F9AA29E00E593C9 /* SigningNavigationController.swift */; };
		4BE462D81F9AA6B000E593C9 /* MainTabBarController.swift in Sources */ = {isa = PBXBuildFile; fileRef = 4BE462D71F9AA6B000E593C9 /* MainTabBarController.swift */; };
		4BE462DB1F9AA9A900E593C9 /* CurrentUser.plist in Resources */ = {isa = PBXBuildFile; fileRef = 4BE462DA1F9AA9A800E593C9 /* CurrentUser.plist */; };
		DD81676F1F96E8FE00A80891 /* AppDelegate.swift in Sources */ = {isa = PBXBuildFile; fileRef = DD81676E1F96E8FE00A80891 /* AppDelegate.swift */; };
		DD8167741F96E8FE00A80891 /* Main.storyboard in Resources */ = {isa = PBXBuildFile; fileRef = DD8167721F96E8FE00A80891 /* Main.storyboard */; };
		DD8167791F96E8FE00A80891 /* LaunchScreen.storyboard in Resources */ = {isa = PBXBuildFile; fileRef = DD8167771F96E8FE00A80891 /* LaunchScreen.storyboard */; };
		DD8167861F96E99B00A80891 /* GateViewController.swift in Sources */ = {isa = PBXBuildFile; fileRef = DD8167851F96E99B00A80891 /* GateViewController.swift */; };
		DD8167881F96ECA000A80891 /* Assets.xcassets in Resources */ = {isa = PBXBuildFile; fileRef = DD8167871F96ECA000A80891 /* Assets.xcassets */; };
		DD81678A1F96EE7200A80891 /* RoundButton.swift in Sources */ = {isa = PBXBuildFile; fileRef = DD8167891F96EE7100A80891 /* RoundButton.swift */; };
		DD81678D1F96F1E600A80891 /* SignInViewController.swift in Sources */ = {isa = PBXBuildFile; fileRef = DD81678C1F96F1E600A80891 /* SignInViewController.swift */; };
		DD81678F1F96F1F000A80891 /* SingUpViewController.swift in Sources */ = {isa = PBXBuildFile; fileRef = DD81678E1F96F1F000A80891 /* SingUpViewController.swift */; };
		DD8167911F96FC1C00A80891 /* ShadowView.swift in Sources */ = {isa = PBXBuildFile; fileRef = DD8167901F96FC1C00A80891 /* ShadowView.swift */; };
		DD8167931F97014400A80891 /* CustomTextField.swift in Sources */ = {isa = PBXBuildFile; fileRef = DD8167921F97014400A80891 /* CustomTextField.swift */; };
		DD81679A1F97351100A80891 /* DataCenter.swift in Sources */ = {isa = PBXBuildFile; fileRef = DD8167991F97351100A80891 /* DataCenter.swift */; };
		DDEE84C81F99CD20002CDB03 /* ExploreViewController.swift in Sources */ = {isa = PBXBuildFile; fileRef = DDEE84C71F99CD20002CDB03 /* ExploreViewController.swift */; };
		DDEE84CA1F99CE18002CDB03 /* ListViewController.swift in Sources */ = {isa = PBXBuildFile; fileRef = DDEE84C91F99CE18002CDB03 /* ListViewController.swift */; };
/* End PBXBuildFile section */

/* Begin PBXFileReference section */
		4B72C2AE1F9A08970045EC9E /* SettingViewController.swift */ = {isa = PBXFileReference; lastKnownFileType = sourcecode.swift; path = SettingViewController.swift; sourceTree = "<group>"; };
		4B72C2B01F9A09320045EC9E /* SettingDataModel.swift */ = {isa = PBXFileReference; lastKnownFileType = sourcecode.swift; path = SettingDataModel.swift; sourceTree = "<group>"; };
		4B72C2B21F9A11E10045EC9E /* SettingTableViewCell.swift */ = {isa = PBXFileReference; lastKnownFileType = sourcecode.swift; path = SettingTableViewCell.swift; sourceTree = "<group>"; };
		4B72C2E51F9A29160045EC9E /* Settings.plist */ = {isa = PBXFileReference; fileEncoding = 4; lastKnownFileType = text.plist.xml; path = Settings.plist; sourceTree = "<group>"; };
		4BBE31001F9A36EE00D08669 /* ExploreData.plist */ = {isa = PBXFileReference; fileEncoding = 4; lastKnownFileType = text.plist.xml; path = ExploreData.plist; sourceTree = "<group>"; };
		4BBE31021F9A372F00D08669 /* ExploreDataModel.swift */ = {isa = PBXFileReference; lastKnownFileType = sourcecode.swift; path = ExploreDataModel.swift; sourceTree = "<group>"; };
		4BBE31081F9A3CAA00D08669 /* CustomCellSample.swift */ = {isa = PBXFileReference; fileEncoding = 4; lastKnownFileType = sourcecode.swift; name = CustomCellSample.swift; path = ../../../1020_CustomTableViewController/1020_CustomTableViewController/CustomCellSample.swift; sourceTree = "<group>"; };
		4BBE31091F9A3CAA00D08669 /* ViewController.swift */ = {isa = PBXFileReference; fileEncoding = 4; lastKnownFileType = sourcecode.swift; name = ViewController.swift; path = ../../../1020_CustomTableViewController/1020_CustomTableViewController/ViewController.swift; sourceTree = "<group>"; };
		4BE462D31F9AA07B00E593C9 /* UserModel.swift */ = {isa = PBXFileReference; fileEncoding = 4; lastKnownFileType = sourcecode.swift; name = UserModel.swift; path = ../../../1016_DataModel/1016_DataModel/UserModel/UserModel.swift; sourceTree = "<group>"; };
		4BE462D51F9AA29E00E593C9 /* SigningNavigationController.swift */ = {isa = PBXFileReference; lastKnownFileType = sourcecode.swift; path = SigningNavigationController.swift; sourceTree = "<group>"; };
		4BE462D71F9AA6B000E593C9 /* MainTabBarController.swift */ = {isa = PBXFileReference; lastKnownFileType = sourcecode.swift; path = MainTabBarController.swift; sourceTree = "<group>"; };
		4BE462DA1F9AA9A800E593C9 /* CurrentUser.plist */ = {isa = PBXFileReference; fileEncoding = 4; lastKnownFileType = text.plist.xml; path = CurrentUser.plist; sourceTree = "<group>"; };
		DD81676B1F96E8FE00A80891 /* FinalStackProject.app */ = {isa = PBXFileReference; explicitFileType = wrapper.application; includeInIndex = 0; path = FinalStackProject.app; sourceTree = BUILT_PRODUCTS_DIR; };
		DD81676E1F96E8FE00A80891 /* AppDelegate.swift */ = {isa = PBXFileReference; lastKnownFileType = sourcecode.swift; path = AppDelegate.swift; sourceTree = "<group>"; };
		DD8167731F96E8FE00A80891 /* Base */ = {isa = PBXFileReference; lastKnownFileType = file.storyboard; name = Base; path = Base.lproj/Main.storyboard; sourceTree = "<group>"; };
		DD8167781F96E8FE00A80891 /* Base */ = {isa = PBXFileReference; lastKnownFileType = file.storyboard; name = Base; path = Base.lproj/LaunchScreen.storyboard; sourceTree = "<group>"; };
		DD81677A1F96E8FE00A80891 /* Info.plist */ = {isa = PBXFileReference; lastKnownFileType = text.plist.xml; path = Info.plist; sourceTree = "<group>"; };
		DD8167851F96E99B00A80891 /* GateViewController.swift */ = {isa = PBXFileReference; lastKnownFileType = sourcecode.swift; path = GateViewController.swift; sourceTree = "<group>"; };
		DD8167871F96ECA000A80891 /* Assets.xcassets */ = {isa = PBXFileReference; lastKnownFileType = folder.assetcatalog; path = Assets.xcassets; sourceTree = "<group>"; };
		DD8167891F96EE7100A80891 /* RoundButton.swift */ = {isa = PBXFileReference; lastKnownFileType = sourcecode.swift; path = RoundButton.swift; sourceTree = "<group>"; };
		DD81678C1F96F1E600A80891 /* SignInViewController.swift */ = {isa = PBXFileReference; lastKnownFileType = sourcecode.swift; path = SignInViewController.swift; sourceTree = "<group>"; };
		DD81678E1F96F1F000A80891 /* SingUpViewController.swift */ = {isa = PBXFileReference; lastKnownFileType = sourcecode.swift; path = SingUpViewController.swift; sourceTree = "<group>"; };
		DD8167901F96FC1C00A80891 /* ShadowView.swift */ = {isa = PBXFileReference; lastKnownFileType = sourcecode.swift; path = ShadowView.swift; sourceTree = "<group>"; };
		DD8167921F97014400A80891 /* CustomTextField.swift */ = {isa = PBXFileReference; lastKnownFileType = sourcecode.swift; path = CustomTextField.swift; sourceTree = "<group>"; };
		DD8167991F97351100A80891 /* DataCenter.swift */ = {isa = PBXFileReference; lastKnownFileType = sourcecode.swift; path = DataCenter.swift; sourceTree = "<group>"; };
		DDEE84C71F99CD20002CDB03 /* ExploreViewController.swift */ = {isa = PBXFileReference; lastKnownFileType = sourcecode.swift; path = ExploreViewController.swift; sourceTree = "<group>"; };
		DDEE84C91F99CE18002CDB03 /* ListViewController.swift */ = {isa = PBXFileReference; lastKnownFileType = sourcecode.swift; path = ListViewController.swift; sourceTree = "<group>"; };
/* End PBXFileReference section */

/* Begin PBXFrameworksBuildPhase section */
		DD8167681F96E8FE00A80891 /* Frameworks */ = {
			isa = PBXFrameworksBuildPhase;
			buildActionMask = 2147483647;
			files = (
			);
			runOnlyForDeploymentPostprocessing = 0;
		};
/* End PBXFrameworksBuildPhase section */

/* Begin PBXGroup section */
		DD8167621F96E8FE00A80891 = {
			isa = PBXGroup;
			children = (
				DD8167801F96E91000A80891 /* Appdelegate */,
				DD81676D1F96E8FE00A80891 /* FinalStackProject */,
				DD81676C1F96E8FE00A80891 /* Products */,
			);
			sourceTree = "<group>";
		};
		DD81676C1F96E8FE00A80891 /* Products */ = {
			isa = PBXGroup;
			children = (
				DD81676B1F96E8FE00A80891 /* FinalStackProject.app */,
			);
			name = Products;
			sourceTree = "<group>";
		};
		DD81676D1F96E8FE00A80891 /* FinalStackProject */ = {
			isa = PBXGroup;
			children = (
				DD81677A1F96E8FE00A80891 /* Info.plist */,
				4B72C2E51F9A29160045EC9E /* Settings.plist */,
				4BBE31001F9A36EE00D08669 /* ExploreData.plist */,
				4BE462DA1F9AA9A800E593C9 /* CurrentUser.plist */,
				DD81679B1F97351D00A80891 /* DataCenter */,
				DD8167981F97334E00A80891 /* Model */,
				DD81678B1F96EEC500A80891 /* View */,
				DD8167811F96E91700A80891 /* ViewControllers */,
				DD8167821F96E92500A80891 /* Resources */,
			);
			path = FinalStackProject;
			sourceTree = "<group>";
		};
		DD8167801F96E91000A80891 /* Appdelegate */ = {
			isa = PBXGroup;
			children = (
				DD81676E1F96E8FE00A80891 /* AppDelegate.swift */,
			);
			path = Appdelegate;
			sourceTree = "<group>";
		};
		DD8167811F96E91700A80891 /* ViewControllers */ = {
			isa = PBXGroup;
			children = (
				4BE462D71F9AA6B000E593C9 /* MainTabBarController.swift */,
				4BE462D51F9AA29E00E593C9 /* SigningNavigationController.swift */,
				DD8167851F96E99B00A80891 /* GateViewController.swift */,
				DD81678C1F96F1E600A80891 /* SignInViewController.swift */,
				DD81678E1F96F1F000A80891 /* SingUpViewController.swift */,
				DDEE84C71F99CD20002CDB03 /* ExploreViewController.swift */,
				DDEE84C91F99CE18002CDB03 /* ListViewController.swift */,
				4B72C2AE1F9A08970045EC9E /* SettingViewController.swift */,
			);
			path = ViewControllers;
			sourceTree = "<group>";
		};
		DD8167821F96E92500A80891 /* Resources */ = {
			isa = PBXGroup;
			children = (
				DD8167871F96ECA000A80891 /* Assets.xcassets */,
				DD8167721F96E8FE00A80891 /* Main.storyboard */,
				DD8167771F96E8FE00A80891 /* LaunchScreen.storyboard */,
			);
			path = Resources;
			sourceTree = "<group>";
		};
		DD81678B1F96EEC500A80891 /* View */ = {
			isa = PBXGroup;
			children = (
				DD8167891F96EE7100A80891 /* RoundButton.swift */,
				DD8167901F96FC1C00A80891 /* ShadowView.swift */,
				DD8167921F97014400A80891 /* CustomTextField.swift */,
				4BBE31081F9A3CAA00D08669 /* CustomCellSample.swift */,
				4BBE31091F9A3CAA00D08669 /* ViewController.swift */,
				4B72C2B21F9A11E10045EC9E /* SettingTableViewCell.swift */,
			);
			path = View;
			sourceTree = "<group>";
		};
		DD8167981F97334E00A80891 /* Model */ = {
			isa = PBXGroup;
			children = (
				4BE462D31F9AA07B00E593C9 /* UserModel.swift */,
				4B72C2B01F9A09320045EC9E /* SettingDataModel.swift */,
				4BBE31021F9A372F00D08669 /* ExploreDataModel.swift */,
			);
			path = Model;
			sourceTree = "<group>";
		};
		DD81679B1F97351D00A80891 /* DataCenter */ = {
			isa = PBXGroup;
			children = (
				DD8167991F97351100A80891 /* DataCenter.swift */,
			);
			path = DataCenter;
			sourceTree = "<group>";
		};
/* End PBXGroup section */

/* Begin PBXNativeTarget section */
		DD81676A1F96E8FE00A80891 /* FinalStackProject */ = {
			isa = PBXNativeTarget;
			buildConfigurationList = DD81677D1F96E8FE00A80891 /* Build configuration list for PBXNativeTarget "FinalStackProject" */;
			buildPhases = (
				DD8167671F96E8FE00A80891 /* Sources */,
				DD8167681F96E8FE00A80891 /* Frameworks */,
				DD8167691F96E8FE00A80891 /* Resources */,
			);
			buildRules = (
			);
			dependencies = (
			);
			name = FinalStackProject;
			productName = 1018_Fanxy;
			productReference = DD81676B1F96E8FE00A80891 /* FinalStackProject.app */;
			productType = "com.apple.product-type.application";
		};
/* End PBXNativeTarget section */

/* Begin PBXProject section */
		DD8167631F96E8FE00A80891 /* Project object */ = {
			isa = PBXProject;
			attributes = {
				LastSwiftUpdateCheck = 0900;
				LastUpgradeCheck = 0900;
				ORGANIZATIONNAME = younari;
				TargetAttributes = {
					DD81676A1F96E8FE00A80891 = {
						CreatedOnToolsVersion = 9.0.1;
						ProvisioningStyle = Automatic;
					};
				};
			};
			buildConfigurationList = DD8167661F96E8FE00A80891 /* Build configuration list for PBXProject "FinalStackProject" */;
			compatibilityVersion = "Xcode 8.0";
			developmentRegion = en;
			hasScannedForEncodings = 0;
			knownRegions = (
				en,
				Base,
			);
			mainGroup = DD8167621F96E8FE00A80891;
			productRefGroup = DD81676C1F96E8FE00A80891 /* Products */;
			projectDirPath = "";
			projectRoot = "";
			targets = (
				DD81676A1F96E8FE00A80891 /* FinalStackProject */,
			);
		};
/* End PBXProject section */

/* Begin PBXResourcesBuildPhase section */
		DD8167691F96E8FE00A80891 /* Resources */ = {
			isa = PBXResourcesBuildPhase;
			buildActionMask = 2147483647;
			files = (
				DD8167791F96E8FE00A80891 /* LaunchScreen.storyboard in Resources */,
				4BE462DB1F9AA9A900E593C9 /* CurrentUser.plist in Resources */,
				DD8167881F96ECA000A80891 /* Assets.xcassets in Resources */,
				DD8167741F96E8FE00A80891 /* Main.storyboard in Resources */,
				4BBE31011F9A36EE00D08669 /* ExploreData.plist in Resources */,
				4B72C2E61F9A29160045EC9E /* Settings.plist in Resources */,
			);
			runOnlyForDeploymentPostprocessing = 0;
		};
/* End PBXResourcesBuildPhase section */

/* Begin PBXSourcesBuildPhase section */
		DD8167671F96E8FE00A80891 /* Sources */ = {
			isa = PBXSourcesBuildPhase;
			buildActionMask = 2147483647;
			files = (
				DD8167931F97014400A80891 /* CustomTextField.swift in Sources */,
				DD8167911F96FC1C00A80891 /* ShadowView.swift in Sources */,
				4BBE310A1F9A3CAA00D08669 /* CustomCellSample.swift in Sources */,
				4B72C2B31F9A11E10045EC9E /* SettingTableViewCell.swift in Sources */,
				DDEE84C81F99CD20002CDB03 /* ExploreViewController.swift in Sources */,
				DD81679A1F97351100A80891 /* DataCenter.swift in Sources */,
				4BE462D61F9AA29E00E593C9 /* SigningNavigationController.swift in Sources */,
				DD81678D1F96F1E600A80891 /* SignInViewController.swift in Sources */,
				DDEE84CA1F99CE18002CDB03 /* ListViewController.swift in Sources */,
				4BBE31031F9A372F00D08669 /* ExploreDataModel.swift in Sources */,
				DD81678A1F96EE7200A80891 /* RoundButton.swift in Sources */,
				4BBE310B1F9A3CAA00D08669 /* ViewController.swift in Sources */,
				4B72C2B11F9A09320045EC9E /* SettingDataModel.swift in Sources */,
				4BE462D81F9AA6B000E593C9 /* MainTabBarController.swift in Sources */,
				DD81678F1F96F1F000A80891 /* SingUpViewController.swift in Sources */,
				DD81676F1F96E8FE00A80891 /* AppDelegate.swift in Sources */,
				DD8167861F96E99B00A80891 /* GateViewController.swift in Sources */,
				4BE462D41F9AA07B00E593C9 /* UserModel.swift in Sources */,
				4B72C2AF1F9A08970045EC9E /* SettingViewController.swift in Sources */,
			);
			runOnlyForDeploymentPostprocessing = 0;
		};
/* End PBXSourcesBuildPhase section */

/* Begin PBXVariantGroup section */
		DD8167721F96E8FE00A80891 /* Main.storyboard */ = {
			isa = PBXVariantGroup;
			children = (
				DD8167731F96E8FE00A80891 /* Base */,
			);
			name = Main.storyboard;
			sourceTree = "<group>";
		};
		DD8167771F96E8FE00A80891 /* LaunchScreen.storyboard */ = {
			isa = PBXVariantGroup;
			children = (
				DD8167781F96E8FE00A80891 /* Base */,
			);
			name = LaunchScreen.storyboard;
			sourceTree = "<group>";
		};
/* End PBXVariantGroup section */

/* Begin XCBuildConfiguration section */
		DD81677B1F96E8FE00A80891 /* Debug */ = {
			isa = XCBuildConfiguration;
			buildSettings = {
				ALWAYS_SEARCH_USER_PATHS = NO;
				CLANG_ANALYZER_NONNULL = YES;
				CLANG_ANALYZER_NUMBER_OBJECT_CONVERSION = YES_AGGRESSIVE;
				CLANG_CXX_LANGUAGE_STANDARD = "gnu++14";
				CLANG_CXX_LIBRARY = "libc++";
				CLANG_ENABLE_MODULES = YES;
				CLANG_ENABLE_OBJC_ARC = YES;
				CLANG_WARN_BLOCK_CAPTURE_AUTORELEASING = YES;
				CLANG_WARN_BOOL_CONVERSION = YES;
				CLANG_WARN_COMMA = YES;
				CLANG_WARN_CONSTANT_CONVERSION = YES;
				CLANG_WARN_DIRECT_OBJC_ISA_USAGE = YES_ERROR;
				CLANG_WARN_DOCUMENTATION_COMMENTS = YES;
				CLANG_WARN_EMPTY_BODY = YES;
				CLANG_WARN_ENUM_CONVERSION = YES;
				CLANG_WARN_INFINITE_RECURSION = YES;
				CLANG_WARN_INT_CONVERSION = YES;
				CLANG_WARN_NON_LITERAL_NULL_CONVERSION = YES;
				CLANG_WARN_OBJC_LITERAL_CONVERSION = YES;
				CLANG_WARN_OBJC_ROOT_CLASS = YES_ERROR;
				CLANG_WARN_RANGE_LOOP_ANALYSIS = YES;
				CLANG_WARN_STRICT_PROTOTYPES = YES;
				CLANG_WARN_SUSPICIOUS_MOVE = YES;
				CLANG_WARN_UNGUARDED_AVAILABILITY = YES_AGGRESSIVE;
				CLANG_WARN_UNREACHABLE_CODE = YES;
				CLANG_WARN__DUPLICATE_METHOD_MATCH = YES;
				CODE_SIGN_IDENTITY = "iPhone Developer";
				COPY_PHASE_STRIP = NO;
				DEBUG_INFORMATION_FORMAT = dwarf;
				ENABLE_STRICT_OBJC_MSGSEND = YES;
				ENABLE_TESTABILITY = YES;
				GCC_C_LANGUAGE_STANDARD = gnu11;
				GCC_DYNAMIC_NO_PIC = NO;
				GCC_NO_COMMON_BLOCKS = YES;
				GCC_OPTIMIZATION_LEVEL = 0;
				GCC_PREPROCESSOR_DEFINITIONS = (
					"DEBUG=1",
					"$(inherited)",
				);
				GCC_WARN_64_TO_32_BIT_CONVERSION = YES;
				GCC_WARN_ABOUT_RETURN_TYPE = YES_ERROR;
				GCC_WARN_UNDECLARED_SELECTOR = YES;
				GCC_WARN_UNINITIALIZED_AUTOS = YES_AGGRESSIVE;
				GCC_WARN_UNUSED_FUNCTION = YES;
				GCC_WARN_UNUSED_VARIABLE = YES;
				IPHONEOS_DEPLOYMENT_TARGET = 11.0;
				MTL_ENABLE_DEBUG_INFO = YES;
				ONLY_ACTIVE_ARCH = YES;
				SDKROOT = iphoneos;
				SWIFT_ACTIVE_COMPILATION_CONDITIONS = DEBUG;
				SWIFT_OPTIMIZATION_LEVEL = "-Onone";
			};
			name = Debug;
		};
		DD81677C1F96E8FE00A80891 /* Release */ = {
			isa = XCBuildConfiguration;
			buildSettings = {
				ALWAYS_SEARCH_USER_PATHS = NO;
				CLANG_ANALYZER_NONNULL = YES;
				CLANG_ANALYZER_NUMBER_OBJECT_CONVERSION = YES_AGGRESSIVE;
				CLANG_CXX_LANGUAGE_STANDARD = "gnu++14";
				CLANG_CXX_LIBRARY = "libc++";
				CLANG_ENABLE_MODULES = YES;
				CLANG_ENABLE_OBJC_ARC = YES;
				CLANG_WARN_BLOCK_CAPTURE_AUTORELEASING = YES;
				CLANG_WARN_BOOL_CONVERSION = YES;
				CLANG_WARN_COMMA = YES;
				CLANG_WARN_CONSTANT_CONVERSION = YES;
				CLANG_WARN_DIRECT_OBJC_ISA_USAGE = YES_ERROR;
				CLANG_WARN_DOCUMENTATION_COMMENTS = YES;
				CLANG_WARN_EMPTY_BODY = YES;
				CLANG_WARN_ENUM_CONVERSION = YES;
				CLANG_WARN_INFINITE_RECURSION = YES;
				CLANG_WARN_INT_CONVERSION = YES;
				CLANG_WARN_NON_LITERAL_NULL_CONVERSION = YES;
				CLANG_WARN_OBJC_LITERAL_CONVERSION = YES;
				CLANG_WARN_OBJC_ROOT_CLASS = YES_ERROR;
				CLANG_WARN_RANGE_LOOP_ANALYSIS = YES;
				CLANG_WARN_STRICT_PROTOTYPES = YES;
				CLANG_WARN_SUSPICIOUS_MOVE = YES;
				CLANG_WARN_UNGUARDED_AVAILABILITY = YES_AGGRESSIVE;
				CLANG_WARN_UNREACHABLE_CODE = YES;
				CLANG_WARN__DUPLICATE_METHOD_MATCH = YES;
				CODE_SIGN_IDENTITY = "iPhone Developer";
				COPY_PHASE_STRIP = NO;
				DEBUG_INFORMATION_FORMAT = "dwarf-with-dsym";
				ENABLE_NS_ASSERTIONS = NO;
				ENABLE_STRICT_OBJC_MSGSEND = YES;
				GCC_C_LANGUAGE_STANDARD = gnu11;
				GCC_NO_COMMON_BLOCKS = YES;
				GCC_WARN_64_TO_32_BIT_CONVERSION = YES;
				GCC_WARN_ABOUT_RETURN_TYPE = YES_ERROR;
				GCC_WARN_UNDECLARED_SELECTOR = YES;
				GCC_WARN_UNINITIALIZED_AUTOS = YES_AGGRESSIVE;
				GCC_WARN_UNUSED_FUNCTION = YES;
				GCC_WARN_UNUSED_VARIABLE = YES;
				IPHONEOS_DEPLOYMENT_TARGET = 11.0;
				MTL_ENABLE_DEBUG_INFO = NO;
				SDKROOT = iphoneos;
				SWIFT_OPTIMIZATION_LEVEL = "-Owholemodule";
				VALIDATE_PRODUCT = YES;
			};
			name = Release;
		};
		DD81677E1F96E8FE00A80891 /* Debug */ = {
			isa = XCBuildConfiguration;
			buildSettings = {
				ASSETCATALOG_COMPILER_APPICON_NAME = AppIcon;
				CODE_SIGN_STYLE = Automatic;
				DEVELOPMENT_TEAM = W6W2L5AWAU;
				INFOPLIST_FILE = "$(SRCROOT)/FinalStackProject/Info.plist";
				LD_RUNPATH_SEARCH_PATHS = "$(inherited) @executable_path/Frameworks";
				PRODUCT_BUNDLE_IDENTIFIER = "younari.-018-Fanxy";
				PRODUCT_NAME = "$(TARGET_NAME)";
				SWIFT_VERSION = 4.0;
				TARGETED_DEVICE_FAMILY = "1,2";
			};
			name = Debug;
		};
		DD81677F1F96E8FE00A80891 /* Release */ = {
			isa = XCBuildConfiguration;
			buildSettings = {
				ASSETCATALOG_COMPILER_APPICON_NAME = AppIcon;
				CODE_SIGN_STYLE = Automatic;
				DEVELOPMENT_TEAM = W6W2L5AWAU;
				INFOPLIST_FILE = "$(SRCROOT)/FinalStackProject/Info.plist";
				LD_RUNPATH_SEARCH_PATHS = "$(inherited) @executable_path/Frameworks";
				PRODUCT_BUNDLE_IDENTIFIER = "younari.-018-Fanxy";
				PRODUCT_NAME = "$(TARGET_NAME)";
				SWIFT_VERSION = 4.0;
				TARGETED_DEVICE_FAMILY = "1,2";
			};
			name = Release;
		};
/* End XCBuildConfiguration section */

/* Begin XCConfigurationList section */
		DD8167661F96E8FE00A80891 /* Build configuration list for PBXProject "FinalStackProject" */ = {
			isa = XCConfigurationList;
			buildConfigurations = (
				DD81677B1F96E8FE00A80891 /* Debug */,
				DD81677C1F96E8FE00A80891 /* Release */,
			);
			defaultConfigurationIsVisible = 0;
			defaultConfigurationName = Release;
		};
		DD81677D1F96E8FE00A80891 /* Build configuration list for PBXNativeTarget "FinalStackProject" */ = {
			isa = XCConfigurationList;
			buildConfigurations = (
				DD81677E1F96E8FE00A80891 /* Debug */,
				DD81677F1F96E8FE00A80891 /* Release */,
			);
			defaultConfigurationIsVisible = 0;
			defaultConfigurationName = Release;
		};
/* End XCConfigurationList section */
	};
	rootObject = DD8167631F96E8FE00A80891 /* Project object */;
}
